
Microsoft Visual Studio Solution File, Format Version 12.00
# Visual Studio Version 17
VisualStudioVersion = 17.0.32014.148
MinimumVisualStudioVersion = 10.0.40219.1
Project("{8BC9CEB8-8B4A-11D0-8D11-00A0C91BC942}") = "ProjetoConta", "AprenderC++ - 3.vcxproj", "{2752B717-C8A2-4062-A1D7-6EE9C2B21BC4}"
EndProject
Project("{8BC9CEB8-8B4A-11D0-8D11-00A0C91BC942}") = "StructCPP", "StructCPP\StructCPP.vcxproj", "{743145E8-DDFA-499F-A1C1-2FDACA599653}"
EndProject
Project("{8BC9CEB8-8B4A-11D0-8D11-00A0C91BC942}") = "ExCoordenadas3D", "ExCoordenadas3D\ExCoordenadas3D.vcxproj", "{5939678B-C0AA-4311-8CBC-4D379AC4B047}"
EndProject
Project("{8BC9CEB8-8B4A-11D0-8D11-00A0C91BC942}") = "ArrayDeStruct", "ArrayDeStruct\ArrayDeStruct.vcxproj", "{7ED2EFBC-5353-4224-90A7-9B70725E6BB5}"
EndProject
Project("{8BC9CEB8-8B4A-11D0-8D11-00A0C91BC942}") = "StructPorValorPorReferencia", "StructPorValorPorReferencia\StructPorValorPorReferencia.vcxproj", "{9BDE6256-1248-4FF8-A171-6F2E845809E5}"
EndProject
Project("{8BC9CEB8-8B4A-11D0-8D11-00A0C91BC942}") = "StructViaPonteiro", "StructViaPonteiro\StructViaPonteiro.vcxproj", "{5DCD7B45-A422-431B-B635-82D3D2BA62AA}"
EndProject
Project("{8BC9CEB8-8B4A-11D0-8D11-00A0C91BC942}") = "StructsAninhadas", "StructAninhadas\StructAninhadas.vcxproj", "{20EE371C-482D-41A7-8C01-D07DF57881B1}"
EndProject
Project("{8BC9CEB8-8B4A-11D0-8D11-00A0C91BC942}") = "ExibindoDataEHora", "ExibindoDataEHora\ExibindoDataEHora.vcxproj", "{8CE7A53B-BA51-407A-9CA2-BDA941C02F85}"
EndProject
Project("{8BC9CEB8-8B4A-11D0-8D11-00A0C91BC942}") = "UtilizandoTypeDef", "UtilizandoTypeDef\UtilizandoTypeDef.vcxproj", "{763088CB-DDCC-452E-A53B-562E6349CD58}"
EndProject
Project("{8BC9CEB8-8B4A-11D0-8D11-00A0C91BC942}") = "StdWs", "StdWs\StdWs.vcxproj", "{D2CDC964-6624-45CC-ADA5-149DE774AD8F}"
EndProject
Project("{8BC9CEB8-8B4A-11D0-8D11-00A0C91BC942}") = "ConceitoHeranca", "ConceitoHeranca\ConceitoHeranca.vcxproj", "{85146669-F763-4A24-B11C-721C00FE2E04}"
EndProject
Project("{8BC9CEB8-8B4A-11D0-8D11-00A0C91BC942}") = "ExHeranca", "ExHeranca\ExHeranca.vcxproj", "{B7AE04AA-5ABB-4139-98D8-79D9AC2E70CF}"
EndProject
Global
	GlobalSection(SolutionConfigurationPlatforms) = preSolution
		Debug|x64 = Debug|x64
		Debug|x86 = Debug|x86
		Release|x64 = Release|x64
		Release|x86 = Release|x86
	EndGlobalSection
	GlobalSection(ProjectConfigurationPlatforms) = postSolution
		{2752B717-C8A2-4062-A1D7-6EE9C2B21BC4}.Debug|x64.ActiveCfg = Debug|x64
		{2752B717-C8A2-4062-A1D7-6EE9C2B21BC4}.Debug|x64.Build.0 = Debug|x64
		{2752B717-C8A2-4062-A1D7-6EE9C2B21BC4}.Debug|x86.ActiveCfg = Debug|Win32
		{2752B717-C8A2-4062-A1D7-6EE9C2B21BC4}.Debug|x86.Build.0 = Debug|Win32
		{2752B717-C8A2-4062-A1D7-6EE9C2B21BC4}.Release|x64.ActiveCfg = Release|x64
		{2752B717-C8A2-4062-A1D7-6EE9C2B21BC4}.Release|x64.Build.0 = Release|x64
		{2752B717-C8A2-4062-A1D7-6EE9C2B21BC4}.Release|x86.ActiveCfg = Release|Win32
		{2752B717-C8A2-4062-A1D7-6EE9C2B21BC4}.Release|x86.Build.0 = Release|Win32
		{743145E8-DDFA-499F-A1C1-2FDACA599653}.Debug|x64.ActiveCfg = Debug|x64
		{743145E8-DDFA-499F-A1C1-2FDACA599653}.Debug|x64.Build.0 = Debug|x64
		{743145E8-DDFA-499F-A1C1-2FDACA599653}.Debug|x86.ActiveCfg = Debug|Win32
		{743145E8-DDFA-499F-A1C1-2FDACA599653}.Debug|x86.Build.0 = Debug|Win32
		{743145E8-DDFA-499F-A1C1-2FDACA599653}.Release|x64.ActiveCfg = Release|x64
		{743145E8-DDFA-499F-A1C1-2FDACA599653}.Release|x64.Build.0 = Release|x64
		{743145E8-DDFA-499F-A1C1-2FDACA599653}.Release|x86.ActiveCfg = Release|Win32
		{743145E8-DDFA-499F-A1C1-2FDACA599653}.Release|x86.Build.0 = Release|Win32
		{5939678B-C0AA-4311-8CBC-4D379AC4B047}.Debug|x64.ActiveCfg = Debug|x64
		{5939678B-C0AA-4311-8CBC-4D379AC4B047}.Debug|x64.Build.0 = Debug|x64
		{5939678B-C0AA-4311-8CBC-4D379AC4B047}.Debug|x86.ActiveCfg = Debug|Win32
		{5939678B-C0AA-4311-8CBC-4D379AC4B047}.Debug|x86.Build.0 = Debug|Win32
		{5939678B-C0AA-4311-8CBC-4D379AC4B047}.Release|x64.ActiveCfg = Release|x64
		{5939678B-C0AA-4311-8CBC-4D379AC4B047}.Release|x64.Build.0 = Release|x64
		{5939678B-C0AA-4311-8CBC-4D379AC4B047}.Release|x86.ActiveCfg = Release|Win32
		{5939678B-C0AA-4311-8CBC-4D379AC4B047}.Release|x86.Build.0 = Release|Win32
		{7ED2EFBC-5353-4224-90A7-9B70725E6BB5}.Debug|x64.ActiveCfg = Debug|x64
		{7ED2EFBC-5353-4224-90A7-9B70725E6BB5}.Debug|x64.Build.0 = Debug|x64
		{7ED2EFBC-5353-4224-90A7-9B70725E6BB5}.Debug|x86.ActiveCfg = Debug|Win32
		{7ED2EFBC-5353-4224-90A7-9B70725E6BB5}.Debug|x86.Build.0 = Debug|Win32
		{7ED2EFBC-5353-4224-90A7-9B70725E6BB5}.Release|x64.ActiveCfg = Release|x64
		{7ED2EFBC-5353-4224-90A7-9B70725E6BB5}.Release|x64.Build.0 = Release|x64
		{7ED2EFBC-5353-4224-90A7-9B70725E6BB5}.Release|x86.ActiveCfg = Release|Win32
		{7ED2EFBC-5353-4224-90A7-9B70725E6BB5}.Release|x86.Build.0 = Release|Win32
		{9BDE6256-1248-4FF8-A171-6F2E845809E5}.Debug|x64.ActiveCfg = Debug|x64
		{9BDE6256-1248-4FF8-A171-6F2E845809E5}.Debug|x64.Build.0 = Debug|x64
		{9BDE6256-1248-4FF8-A171-6F2E845809E5}.Debug|x86.ActiveCfg = Debug|Win32
		{9BDE6256-1248-4FF8-A171-6F2E845809E5}.Debug|x86.Build.0 = Debug|Win32
		{9BDE6256-1248-4FF8-A171-6F2E845809E5}.Release|x64.ActiveCfg = Release|x64
		{9BDE6256-1248-4FF8-A171-6F2E845809E5}.Release|x64.Build.0 = Release|x64
		{9BDE6256-1248-4FF8-A171-6F2E845809E5}.Release|x86.ActiveCfg = Release|Win32
		{9BDE6256-1248-4FF8-A171-6F2E845809E5}.Release|x86.Build.0 = Release|Win32
		{5DCD7B45-A422-431B-B635-82D3D2BA62AA}.Debug|x64.ActiveCfg = Debug|x64
		{5DCD7B45-A422-431B-B635-82D3D2BA62AA}.Debug|x64.Build.0 = Debug|x64
		{5DCD7B45-A422-431B-B635-82D3D2BA62AA}.Debug|x86.ActiveCfg = Debug|Win32
		{5DCD7B45-A422-431B-B635-82D3D2BA62AA}.Debug|x86.Build.0 = Debug|Win32
		{5DCD7B45-A422-431B-B635-82D3D2BA62AA}.Release|x64.ActiveCfg = Release|x64
		{5DCD7B45-A422-431B-B635-82D3D2BA62AA}.Release|x64.Build.0 = Release|x64
		{5DCD7B45-A422-431B-B635-82D3D2BA62AA}.Release|x86.ActiveCfg = Release|Win32
		{5DCD7B45-A422-431B-B635-82D3D2BA62AA}.Release|x86.Build.0 = Release|Win32
		{20EE371C-482D-41A7-8C01-D07DF57881B1}.Debug|x64.ActiveCfg = Debug|x64
		{20EE371C-482D-41A7-8C01-D07DF57881B1}.Debug|x64.Build.0 = Debug|x64
		{20EE371C-482D-41A7-8C01-D07DF57881B1}.Debug|x86.ActiveCfg = Debug|Win32
		{20EE371C-482D-41A7-8C01-D07DF57881B1}.Debug|x86.Build.0 = Debug|Win32
		{20EE371C-482D-41A7-8C01-D07DF57881B1}.Release|x64.ActiveCfg = Release|x64
		{20EE371C-482D-41A7-8C01-D07DF57881B1}.Release|x64.Build.0 = Release|x64
		{20EE371C-482D-41A7-8C01-D07DF57881B1}.Release|x86.ActiveCfg = Release|Win32
		{20EE371C-482D-41A7-8C01-D07DF57881B1}.Release|x86.Build.0 = Release|Win32
		{8CE7A53B-BA51-407A-9CA2-BDA941C02F85}.Debug|x64.ActiveCfg = Debug|x64
		{8CE7A53B-BA51-407A-9CA2-BDA941C02F85}.Debug|x64.Build.0 = Debug|x64
		{8CE7A53B-BA51-407A-9CA2-BDA941C02F85}.Debug|x86.ActiveCfg = Debug|Win32
		{8CE7A53B-BA51-407A-9CA2-BDA941C02F85}.Debug|x86.Build.0 = Debug|Win32
		{8CE7A53B-BA51-407A-9CA2-BDA941C02F85}.Release|x64.ActiveCfg = Release|x64
		{8CE7A53B-BA51-407A-9CA2-BDA941C02F85}.Release|x64.Build.0 = Release|x64
		{8CE7A53B-BA51-407A-9CA2-BDA941C02F85}.Release|x86.ActiveCfg = Release|Win32
		{8CE7A53B-BA51-407A-9CA2-BDA941C02F85}.Release|x86.Build.0 = Release|Win32
		{763088CB-DDCC-452E-A53B-562E6349CD58}.Debug|x64.ActiveCfg = Debug|x64
		{763088CB-DDCC-452E-A53B-562E6349CD58}.Debug|x64.Build.0 = Debug|x64
		{763088CB-DDCC-452E-A53B-562E6349CD58}.Debug|x86.ActiveCfg = Debug|Win32
		{763088CB-DDCC-452E-A53B-562E6349CD58}.Debug|x86.Build.0 = Debug|Win32
		{763088CB-DDCC-452E-A53B-562E6349CD58}.Release|x64.ActiveCfg = Release|x64
		{763088CB-DDCC-452E-A53B-562E6349CD58}.Release|x64.Build.0 = Release|x64
		{763088CB-DDCC-452E-A53B-562E6349CD58}.Release|x86.ActiveCfg = Release|Win32
		{763088CB-DDCC-452E-A53B-562E6349CD58}.Release|x86.Build.0 = Release|Win32
		{D2CDC964-6624-45CC-ADA5-149DE774AD8F}.Debug|x64.ActiveCfg = Debug|x64
		{D2CDC964-6624-45CC-ADA5-149DE774AD8F}.Debug|x64.Build.0 = Debug|x64
		{D2CDC964-6624-45CC-ADA5-149DE774AD8F}.Debug|x86.ActiveCfg = Debug|Win32
		{D2CDC964-6624-45CC-ADA5-149DE774AD8F}.Debug|x86.Build.0 = Debug|Win32
		{D2CDC964-6624-45CC-ADA5-149DE774AD8F}.Release|x64.ActiveCfg = Release|x64
		{D2CDC964-6624-45CC-ADA5-149DE774AD8F}.Release|x64.Build.0 = Release|x64
		{D2CDC964-6624-45CC-ADA5-149DE774AD8F}.Release|x86.ActiveCfg = Release|Win32
		{D2CDC964-6624-45CC-ADA5-149DE774AD8F}.Release|x86.Build.0 = Release|Win32
		{85146669-F763-4A24-B11C-721C00FE2E04}.Debug|x64.ActiveCfg = Debug|x64
		{85146669-F763-4A24-B11C-721C00FE2E04}.Debug|x64.Build.0 = Debug|x64
		{85146669-F763-4A24-B11C-721C00FE2E04}.Debug|x86.ActiveCfg = Debug|Win32
		{85146669-F763-4A24-B11C-721C00FE2E04}.Debug|x86.Build.0 = Debug|Win32
		{85146669-F763-4A24-B11C-721C00FE2E04}.Release|x64.ActiveCfg = Release|x64
		{85146669-F763-4A24-B11C-721C00FE2E04}.Release|x64.Build.0 = Release|x64
		{85146669-F763-4A24-B11C-721C00FE2E04}.Release|x86.ActiveCfg = Release|Win32
		{85146669-F763-4A24-B11C-721C00FE2E04}.Release|x86.Build.0 = Release|Win32
		{B7AE04AA-5ABB-4139-98D8-79D9AC2E70CF}.Debug|x64.ActiveCfg = Debug|x64
		{B7AE04AA-5ABB-4139-98D8-79D9AC2E70CF}.Debug|x64.Build.0 = Debug|x64
		{B7AE04AA-5ABB-4139-98D8-79D9AC2E70CF}.Debug|x86.ActiveCfg = Debug|Win32
		{B7AE04AA-5ABB-4139-98D8-79D9AC2E70CF}.Debug|x86.Build.0 = Debug|Win32
		{B7AE04AA-5ABB-4139-98D8-79D9AC2E70CF}.Release|x64.ActiveCfg = Release|x64
		{B7AE04AA-5ABB-4139-98D8-79D9AC2E70CF}.Release|x64.Build.0 = Release|x64
		{B7AE04AA-5ABB-4139-98D8-79D9AC2E70CF}.Release|x86.ActiveCfg = Release|Win32
		{B7AE04AA-5ABB-4139-98D8-79D9AC2E70CF}.Release|x86.Build.0 = Release|Win32
	EndGlobalSection
	GlobalSection(SolutionProperties) = preSolution
		HideSolutionNode = FALSE
	EndGlobalSection
	GlobalSection(ExtensibilityGlobals) = postSolution
		SolutionGuid = {5AFE5C20-A58F-4FFC-8B13-BDEAECD34533}
	EndGlobalSection
EndGlobal
