
Microsoft Visual Studio Solution File, Format Version 12.00
# Visual Studio Version 17
VisualStudioVersion = 17.0.32014.148
MinimumVisualStudioVersion = 10.0.40219.1
Project("{8BC9CEB8-8B4A-11D0-8D11-00A0C91BC942}") = "ArgumentosPadrao", "AprenderC++ - 2.vcxproj", "{36C892A2-AA6C-4394-9862-141298F70CCE}"
EndProject
Project("{8BC9CEB8-8B4A-11D0-8D11-00A0C91BC942}") = "Tickets", "Tickets\Tickets.vcxproj", "{2A1CDE19-003C-4801-ABDB-B934221D779F}"
EndProject
Project("{8BC9CEB8-8B4A-11D0-8D11-00A0C91BC942}") = "DeclarandoPonteiros", "DeclarandoPonteiros\DeclarandoPonteiros.vcxproj", "{8347E580-3D99-426A-815E-E28FA0F9F854}"
EndProject
Project("{8BC9CEB8-8B4A-11D0-8D11-00A0C91BC942}") = "ConsolidandoPonteiros", "ConsolidandoPonteiros\ConsolidandoPonteiros.vcxproj", "{032E871A-2F72-45A2-BBD3-6A3462C10C34}"
EndProject
Project("{8BC9CEB8-8B4A-11D0-8D11-00A0C91BC942}") = "PonteiroGenerico", "PonteiroGenerico\PonteiroGenerico.vcxproj", "{8E70D70B-789F-496B-B0BA-C9B4D677E146}"
EndProject
Project("{8BC9CEB8-8B4A-11D0-8D11-00A0C91BC942}") = "ExPonteiros", "ExPonteiros\ExPonteiros.vcxproj", "{C52D6550-4ABF-477E-BBC8-1A498D23B4AB}"
EndProject
Project("{8BC9CEB8-8B4A-11D0-8D11-00A0C91BC942}") = "Referencias", "Referencias\Referencias.vcxproj", "{4ABCF9E2-967C-41A4-8315-CA8202D7651D}"
EndProject
Project("{8BC9CEB8-8B4A-11D0-8D11-00A0C91BC942}") = "ConsolidandoReferencias", "ConsolidandoReferencias\ConsolidandoReferencias.vcxproj", "{D9D3976B-8CBF-498D-984A-00AA6B4B411A}"
EndProject
Project("{8BC9CEB8-8B4A-11D0-8D11-00A0C91BC942}") = "PassagemDeArgumento", "PassagemDeArgumento\PassagemDeArgumento.vcxproj", "{67C8288B-3B58-46FC-9452-4C53D59AD6ED}"
EndProject
Project("{8BC9CEB8-8B4A-11D0-8D11-00A0C91BC942}") = "PassagemDeArgumentoPonteiro", "PassagemDeArgumentoPonteiro\PassagemDeArgumentoPonteiro.vcxproj", "{1E48259A-655D-40DC-A928-3594ABA85992}"
EndProject
Project("{8BC9CEB8-8B4A-11D0-8D11-00A0C91BC942}") = "Arrays", "Arrays\Arrays.vcxproj", "{3B0A9A4B-A505-4622-87C9-288AED222728}"
EndProject
Project("{8BC9CEB8-8B4A-11D0-8D11-00A0C91BC942}") = "ExArray", "ExArray\ExArray.vcxproj", "{F09C00BA-AA4B-4C72-988F-2370BF2D828F}"
EndProject
Project("{8BC9CEB8-8B4A-11D0-8D11-00A0C91BC942}") = "ArraysFuncoes", "ArraysFuncoes\ArraysFuncoes.vcxproj", "{A9BF0BBE-FBF1-4977-A4F5-33E399096563}"
EndProject
Project("{8BC9CEB8-8B4A-11D0-8D11-00A0C91BC942}") = "RetornandoArrays", "RetornandoArrays\RetornandoArrays.vcxproj", "{D9578E6F-0736-4540-8114-56E14E5D250D}"
EndProject
Project("{8BC9CEB8-8B4A-11D0-8D11-00A0C91BC942}") = "ArrayMultidimensional", "ArrayMultidimensional\ArrayMultidimensional.vcxproj", "{D65C15E1-2B91-4DEC-A6B6-7E3C1C971371}"
EndProject
Project("{8BC9CEB8-8B4A-11D0-8D11-00A0C91BC942}") = "ForEach", "ForEach\ForEach.vcxproj", "{09719545-8E10-460C-8F41-F77E563A542A}"
EndProject
Project("{8BC9CEB8-8B4A-11D0-8D11-00A0C91BC942}") = "ExForEach", "ExForEach\ExForEach.vcxproj", "{A8A1A465-E769-4608-BAAA-AC0C198E043C}"
EndProject
Project("{8BC9CEB8-8B4A-11D0-8D11-00A0C91BC942}") = "Ex2ForEach", "Ex2ForEach\Ex2ForEach.vcxproj", "{6CBFB443-E522-4E0B-BD3B-A5FD9F650739}"
EndProject
Project("{8BC9CEB8-8B4A-11D0-8D11-00A0C91BC942}") = "VetorDinamico", "VetorDinamico\VetorDinamico.vcxproj", "{A00D4735-3E2A-4B55-9B54-E97DD1114847}"
EndProject
Project("{8BC9CEB8-8B4A-11D0-8D11-00A0C91BC942}") = "AritmeticaDePonteiros", "AritmeticaDePonteiros\AritmeticaDePonteiros.vcxproj", "{967D2C72-F2D3-4462-9F58-16A28724B7FD}"
EndProject
Project("{8BC9CEB8-8B4A-11D0-8D11-00A0C91BC942}") = "PonteiroDePonteiro", "PonteiroDePonteiro\PonteiroDePonteiro.vcxproj", "{2338EC0B-2A7C-42F5-BCFD-D27B063C2020}"
EndProject
Project("{8BC9CEB8-8B4A-11D0-8D11-00A0C91BC942}") = "CriandoClasse", "CriandoClasse\CriandoClasse.vcxproj", "{D1F098D1-E484-4A8C-8E5E-8BBBC64D1422}"
EndProject
Project("{8BC9CEB8-8B4A-11D0-8D11-00A0C91BC942}") = "CriandoClasseNotacaoFlechaPonteiros", "CriandoClasseNotacaoFlechaPonteiros\CriandoClasseNotacaoFlechaPonteiros.vcxproj", "{63ECBFD1-DBDE-4F79-9103-06B02EDA4623}"
EndProject
Project("{8BC9CEB8-8B4A-11D0-8D11-00A0C91BC942}") = "StackHeap", "StackHeap\StackHeap.vcxproj", "{73C933B5-3509-44CD-A8BA-370219E395CF}"
EndProject
Global
	GlobalSection(SolutionConfigurationPlatforms) = preSolution
		Debug|x64 = Debug|x64
		Debug|x86 = Debug|x86
		Release|x64 = Release|x64
		Release|x86 = Release|x86
	EndGlobalSection
	GlobalSection(ProjectConfigurationPlatforms) = postSolution
		{36C892A2-AA6C-4394-9862-141298F70CCE}.Debug|x64.ActiveCfg = Debug|x64
		{36C892A2-AA6C-4394-9862-141298F70CCE}.Debug|x64.Build.0 = Debug|x64
		{36C892A2-AA6C-4394-9862-141298F70CCE}.Debug|x86.ActiveCfg = Debug|Win32
		{36C892A2-AA6C-4394-9862-141298F70CCE}.Debug|x86.Build.0 = Debug|Win32
		{36C892A2-AA6C-4394-9862-141298F70CCE}.Release|x64.ActiveCfg = Release|x64
		{36C892A2-AA6C-4394-9862-141298F70CCE}.Release|x64.Build.0 = Release|x64
		{36C892A2-AA6C-4394-9862-141298F70CCE}.Release|x86.ActiveCfg = Release|Win32
		{36C892A2-AA6C-4394-9862-141298F70CCE}.Release|x86.Build.0 = Release|Win32
		{2A1CDE19-003C-4801-ABDB-B934221D779F}.Debug|x64.ActiveCfg = Debug|x64
		{2A1CDE19-003C-4801-ABDB-B934221D779F}.Debug|x64.Build.0 = Debug|x64
		{2A1CDE19-003C-4801-ABDB-B934221D779F}.Debug|x86.ActiveCfg = Debug|Win32
		{2A1CDE19-003C-4801-ABDB-B934221D779F}.Debug|x86.Build.0 = Debug|Win32
		{2A1CDE19-003C-4801-ABDB-B934221D779F}.Release|x64.ActiveCfg = Release|x64
		{2A1CDE19-003C-4801-ABDB-B934221D779F}.Release|x64.Build.0 = Release|x64
		{2A1CDE19-003C-4801-ABDB-B934221D779F}.Release|x86.ActiveCfg = Release|Win32
		{2A1CDE19-003C-4801-ABDB-B934221D779F}.Release|x86.Build.0 = Release|Win32
		{8347E580-3D99-426A-815E-E28FA0F9F854}.Debug|x64.ActiveCfg = Debug|x64
		{8347E580-3D99-426A-815E-E28FA0F9F854}.Debug|x64.Build.0 = Debug|x64
		{8347E580-3D99-426A-815E-E28FA0F9F854}.Debug|x86.ActiveCfg = Debug|Win32
		{8347E580-3D99-426A-815E-E28FA0F9F854}.Debug|x86.Build.0 = Debug|Win32
		{8347E580-3D99-426A-815E-E28FA0F9F854}.Release|x64.ActiveCfg = Release|x64
		{8347E580-3D99-426A-815E-E28FA0F9F854}.Release|x64.Build.0 = Release|x64
		{8347E580-3D99-426A-815E-E28FA0F9F854}.Release|x86.ActiveCfg = Release|Win32
		{8347E580-3D99-426A-815E-E28FA0F9F854}.Release|x86.Build.0 = Release|Win32
		{032E871A-2F72-45A2-BBD3-6A3462C10C34}.Debug|x64.ActiveCfg = Debug|x64
		{032E871A-2F72-45A2-BBD3-6A3462C10C34}.Debug|x64.Build.0 = Debug|x64
		{032E871A-2F72-45A2-BBD3-6A3462C10C34}.Debug|x86.ActiveCfg = Debug|Win32
		{032E871A-2F72-45A2-BBD3-6A3462C10C34}.Debug|x86.Build.0 = Debug|Win32
		{032E871A-2F72-45A2-BBD3-6A3462C10C34}.Release|x64.ActiveCfg = Release|x64
		{032E871A-2F72-45A2-BBD3-6A3462C10C34}.Release|x64.Build.0 = Release|x64
		{032E871A-2F72-45A2-BBD3-6A3462C10C34}.Release|x86.ActiveCfg = Release|Win32
		{032E871A-2F72-45A2-BBD3-6A3462C10C34}.Release|x86.Build.0 = Release|Win32
		{8E70D70B-789F-496B-B0BA-C9B4D677E146}.Debug|x64.ActiveCfg = Debug|x64
		{8E70D70B-789F-496B-B0BA-C9B4D677E146}.Debug|x64.Build.0 = Debug|x64
		{8E70D70B-789F-496B-B0BA-C9B4D677E146}.Debug|x86.ActiveCfg = Debug|Win32
		{8E70D70B-789F-496B-B0BA-C9B4D677E146}.Debug|x86.Build.0 = Debug|Win32
		{8E70D70B-789F-496B-B0BA-C9B4D677E146}.Release|x64.ActiveCfg = Release|x64
		{8E70D70B-789F-496B-B0BA-C9B4D677E146}.Release|x64.Build.0 = Release|x64
		{8E70D70B-789F-496B-B0BA-C9B4D677E146}.Release|x86.ActiveCfg = Release|Win32
		{8E70D70B-789F-496B-B0BA-C9B4D677E146}.Release|x86.Build.0 = Release|Win32
		{C52D6550-4ABF-477E-BBC8-1A498D23B4AB}.Debug|x64.ActiveCfg = Debug|x64
		{C52D6550-4ABF-477E-BBC8-1A498D23B4AB}.Debug|x64.Build.0 = Debug|x64
		{C52D6550-4ABF-477E-BBC8-1A498D23B4AB}.Debug|x86.ActiveCfg = Debug|Win32
		{C52D6550-4ABF-477E-BBC8-1A498D23B4AB}.Debug|x86.Build.0 = Debug|Win32
		{C52D6550-4ABF-477E-BBC8-1A498D23B4AB}.Release|x64.ActiveCfg = Release|x64
		{C52D6550-4ABF-477E-BBC8-1A498D23B4AB}.Release|x64.Build.0 = Release|x64
		{C52D6550-4ABF-477E-BBC8-1A498D23B4AB}.Release|x86.ActiveCfg = Release|Win32
		{C52D6550-4ABF-477E-BBC8-1A498D23B4AB}.Release|x86.Build.0 = Release|Win32
		{4ABCF9E2-967C-41A4-8315-CA8202D7651D}.Debug|x64.ActiveCfg = Debug|x64
		{4ABCF9E2-967C-41A4-8315-CA8202D7651D}.Debug|x64.Build.0 = Debug|x64
		{4ABCF9E2-967C-41A4-8315-CA8202D7651D}.Debug|x86.ActiveCfg = Debug|Win32
		{4ABCF9E2-967C-41A4-8315-CA8202D7651D}.Debug|x86.Build.0 = Debug|Win32
		{4ABCF9E2-967C-41A4-8315-CA8202D7651D}.Release|x64.ActiveCfg = Release|x64
		{4ABCF9E2-967C-41A4-8315-CA8202D7651D}.Release|x64.Build.0 = Release|x64
		{4ABCF9E2-967C-41A4-8315-CA8202D7651D}.Release|x86.ActiveCfg = Release|Win32
		{4ABCF9E2-967C-41A4-8315-CA8202D7651D}.Release|x86.Build.0 = Release|Win32
		{D9D3976B-8CBF-498D-984A-00AA6B4B411A}.Debug|x64.ActiveCfg = Debug|x64
		{D9D3976B-8CBF-498D-984A-00AA6B4B411A}.Debug|x64.Build.0 = Debug|x64
		{D9D3976B-8CBF-498D-984A-00AA6B4B411A}.Debug|x86.ActiveCfg = Debug|Win32
		{D9D3976B-8CBF-498D-984A-00AA6B4B411A}.Debug|x86.Build.0 = Debug|Win32
		{D9D3976B-8CBF-498D-984A-00AA6B4B411A}.Release|x64.ActiveCfg = Release|x64
		{D9D3976B-8CBF-498D-984A-00AA6B4B411A}.Release|x64.Build.0 = Release|x64
		{D9D3976B-8CBF-498D-984A-00AA6B4B411A}.Release|x86.ActiveCfg = Release|Win32
		{D9D3976B-8CBF-498D-984A-00AA6B4B411A}.Release|x86.Build.0 = Release|Win32
		{67C8288B-3B58-46FC-9452-4C53D59AD6ED}.Debug|x64.ActiveCfg = Debug|x64
		{67C8288B-3B58-46FC-9452-4C53D59AD6ED}.Debug|x64.Build.0 = Debug|x64
		{67C8288B-3B58-46FC-9452-4C53D59AD6ED}.Debug|x86.ActiveCfg = Debug|Win32
		{67C8288B-3B58-46FC-9452-4C53D59AD6ED}.Debug|x86.Build.0 = Debug|Win32
		{67C8288B-3B58-46FC-9452-4C53D59AD6ED}.Release|x64.ActiveCfg = Release|x64
		{67C8288B-3B58-46FC-9452-4C53D59AD6ED}.Release|x64.Build.0 = Release|x64
		{67C8288B-3B58-46FC-9452-4C53D59AD6ED}.Release|x86.ActiveCfg = Release|Win32
		{67C8288B-3B58-46FC-9452-4C53D59AD6ED}.Release|x86.Build.0 = Release|Win32
		{1E48259A-655D-40DC-A928-3594ABA85992}.Debug|x64.ActiveCfg = Debug|x64
		{1E48259A-655D-40DC-A928-3594ABA85992}.Debug|x64.Build.0 = Debug|x64
		{1E48259A-655D-40DC-A928-3594ABA85992}.Debug|x86.ActiveCfg = Debug|Win32
		{1E48259A-655D-40DC-A928-3594ABA85992}.Debug|x86.Build.0 = Debug|Win32
		{1E48259A-655D-40DC-A928-3594ABA85992}.Release|x64.ActiveCfg = Release|x64
		{1E48259A-655D-40DC-A928-3594ABA85992}.Release|x64.Build.0 = Release|x64
		{1E48259A-655D-40DC-A928-3594ABA85992}.Release|x86.ActiveCfg = Release|Win32
		{1E48259A-655D-40DC-A928-3594ABA85992}.Release|x86.Build.0 = Release|Win32
		{3B0A9A4B-A505-4622-87C9-288AED222728}.Debug|x64.ActiveCfg = Debug|x64
		{3B0A9A4B-A505-4622-87C9-288AED222728}.Debug|x64.Build.0 = Debug|x64
		{3B0A9A4B-A505-4622-87C9-288AED222728}.Debug|x86.ActiveCfg = Debug|Win32
		{3B0A9A4B-A505-4622-87C9-288AED222728}.Debug|x86.Build.0 = Debug|Win32
		{3B0A9A4B-A505-4622-87C9-288AED222728}.Release|x64.ActiveCfg = Release|x64
		{3B0A9A4B-A505-4622-87C9-288AED222728}.Release|x64.Build.0 = Release|x64
		{3B0A9A4B-A505-4622-87C9-288AED222728}.Release|x86.ActiveCfg = Release|Win32
		{3B0A9A4B-A505-4622-87C9-288AED222728}.Release|x86.Build.0 = Release|Win32
		{F09C00BA-AA4B-4C72-988F-2370BF2D828F}.Debug|x64.ActiveCfg = Debug|x64
		{F09C00BA-AA4B-4C72-988F-2370BF2D828F}.Debug|x64.Build.0 = Debug|x64
		{F09C00BA-AA4B-4C72-988F-2370BF2D828F}.Debug|x86.ActiveCfg = Debug|Win32
		{F09C00BA-AA4B-4C72-988F-2370BF2D828F}.Debug|x86.Build.0 = Debug|Win32
		{F09C00BA-AA4B-4C72-988F-2370BF2D828F}.Release|x64.ActiveCfg = Release|x64
		{F09C00BA-AA4B-4C72-988F-2370BF2D828F}.Release|x64.Build.0 = Release|x64
		{F09C00BA-AA4B-4C72-988F-2370BF2D828F}.Release|x86.ActiveCfg = Release|Win32
		{F09C00BA-AA4B-4C72-988F-2370BF2D828F}.Release|x86.Build.0 = Release|Win32
		{A9BF0BBE-FBF1-4977-A4F5-33E399096563}.Debug|x64.ActiveCfg = Debug|x64
		{A9BF0BBE-FBF1-4977-A4F5-33E399096563}.Debug|x64.Build.0 = Debug|x64
		{A9BF0BBE-FBF1-4977-A4F5-33E399096563}.Debug|x86.ActiveCfg = Debug|Win32
		{A9BF0BBE-FBF1-4977-A4F5-33E399096563}.Debug|x86.Build.0 = Debug|Win32
		{A9BF0BBE-FBF1-4977-A4F5-33E399096563}.Release|x64.ActiveCfg = Release|x64
		{A9BF0BBE-FBF1-4977-A4F5-33E399096563}.Release|x64.Build.0 = Release|x64
		{A9BF0BBE-FBF1-4977-A4F5-33E399096563}.Release|x86.ActiveCfg = Release|Win32
		{A9BF0BBE-FBF1-4977-A4F5-33E399096563}.Release|x86.Build.0 = Release|Win32
		{D9578E6F-0736-4540-8114-56E14E5D250D}.Debug|x64.ActiveCfg = Debug|x64
		{D9578E6F-0736-4540-8114-56E14E5D250D}.Debug|x64.Build.0 = Debug|x64
		{D9578E6F-0736-4540-8114-56E14E5D250D}.Debug|x86.ActiveCfg = Debug|Win32
		{D9578E6F-0736-4540-8114-56E14E5D250D}.Debug|x86.Build.0 = Debug|Win32
		{D9578E6F-0736-4540-8114-56E14E5D250D}.Release|x64.ActiveCfg = Release|x64
		{D9578E6F-0736-4540-8114-56E14E5D250D}.Release|x64.Build.0 = Release|x64
		{D9578E6F-0736-4540-8114-56E14E5D250D}.Release|x86.ActiveCfg = Release|Win32
		{D9578E6F-0736-4540-8114-56E14E5D250D}.Release|x86.Build.0 = Release|Win32
		{D65C15E1-2B91-4DEC-A6B6-7E3C1C971371}.Debug|x64.ActiveCfg = Debug|x64
		{D65C15E1-2B91-4DEC-A6B6-7E3C1C971371}.Debug|x64.Build.0 = Debug|x64
		{D65C15E1-2B91-4DEC-A6B6-7E3C1C971371}.Debug|x86.ActiveCfg = Debug|Win32
		{D65C15E1-2B91-4DEC-A6B6-7E3C1C971371}.Debug|x86.Build.0 = Debug|Win32
		{D65C15E1-2B91-4DEC-A6B6-7E3C1C971371}.Release|x64.ActiveCfg = Release|x64
		{D65C15E1-2B91-4DEC-A6B6-7E3C1C971371}.Release|x64.Build.0 = Release|x64
		{D65C15E1-2B91-4DEC-A6B6-7E3C1C971371}.Release|x86.ActiveCfg = Release|Win32
		{D65C15E1-2B91-4DEC-A6B6-7E3C1C971371}.Release|x86.Build.0 = Release|Win32
		{09719545-8E10-460C-8F41-F77E563A542A}.Debug|x64.ActiveCfg = Debug|x64
		{09719545-8E10-460C-8F41-F77E563A542A}.Debug|x64.Build.0 = Debug|x64
		{09719545-8E10-460C-8F41-F77E563A542A}.Debug|x86.ActiveCfg = Debug|Win32
		{09719545-8E10-460C-8F41-F77E563A542A}.Debug|x86.Build.0 = Debug|Win32
		{09719545-8E10-460C-8F41-F77E563A542A}.Release|x64.ActiveCfg = Release|x64
		{09719545-8E10-460C-8F41-F77E563A542A}.Release|x64.Build.0 = Release|x64
		{09719545-8E10-460C-8F41-F77E563A542A}.Release|x86.ActiveCfg = Release|Win32
		{09719545-8E10-460C-8F41-F77E563A542A}.Release|x86.Build.0 = Release|Win32
		{A8A1A465-E769-4608-BAAA-AC0C198E043C}.Debug|x64.ActiveCfg = Debug|x64
		{A8A1A465-E769-4608-BAAA-AC0C198E043C}.Debug|x64.Build.0 = Debug|x64
		{A8A1A465-E769-4608-BAAA-AC0C198E043C}.Debug|x86.ActiveCfg = Debug|Win32
		{A8A1A465-E769-4608-BAAA-AC0C198E043C}.Debug|x86.Build.0 = Debug|Win32
		{A8A1A465-E769-4608-BAAA-AC0C198E043C}.Release|x64.ActiveCfg = Release|x64
		{A8A1A465-E769-4608-BAAA-AC0C198E043C}.Release|x64.Build.0 = Release|x64
		{A8A1A465-E769-4608-BAAA-AC0C198E043C}.Release|x86.ActiveCfg = Release|Win32
		{A8A1A465-E769-4608-BAAA-AC0C198E043C}.Release|x86.Build.0 = Release|Win32
		{6CBFB443-E522-4E0B-BD3B-A5FD9F650739}.Debug|x64.ActiveCfg = Debug|x64
		{6CBFB443-E522-4E0B-BD3B-A5FD9F650739}.Debug|x64.Build.0 = Debug|x64
		{6CBFB443-E522-4E0B-BD3B-A5FD9F650739}.Debug|x86.ActiveCfg = Debug|Win32
		{6CBFB443-E522-4E0B-BD3B-A5FD9F650739}.Debug|x86.Build.0 = Debug|Win32
		{6CBFB443-E522-4E0B-BD3B-A5FD9F650739}.Release|x64.ActiveCfg = Release|x64
		{6CBFB443-E522-4E0B-BD3B-A5FD9F650739}.Release|x64.Build.0 = Release|x64
		{6CBFB443-E522-4E0B-BD3B-A5FD9F650739}.Release|x86.ActiveCfg = Release|Win32
		{6CBFB443-E522-4E0B-BD3B-A5FD9F650739}.Release|x86.Build.0 = Release|Win32
		{A00D4735-3E2A-4B55-9B54-E97DD1114847}.Debug|x64.ActiveCfg = Debug|x64
		{A00D4735-3E2A-4B55-9B54-E97DD1114847}.Debug|x64.Build.0 = Debug|x64
		{A00D4735-3E2A-4B55-9B54-E97DD1114847}.Debug|x86.ActiveCfg = Debug|Win32
		{A00D4735-3E2A-4B55-9B54-E97DD1114847}.Debug|x86.Build.0 = Debug|Win32
		{A00D4735-3E2A-4B55-9B54-E97DD1114847}.Release|x64.ActiveCfg = Release|x64
		{A00D4735-3E2A-4B55-9B54-E97DD1114847}.Release|x64.Build.0 = Release|x64
		{A00D4735-3E2A-4B55-9B54-E97DD1114847}.Release|x86.ActiveCfg = Release|Win32
		{A00D4735-3E2A-4B55-9B54-E97DD1114847}.Release|x86.Build.0 = Release|Win32
		{967D2C72-F2D3-4462-9F58-16A28724B7FD}.Debug|x64.ActiveCfg = Debug|x64
		{967D2C72-F2D3-4462-9F58-16A28724B7FD}.Debug|x64.Build.0 = Debug|x64
		{967D2C72-F2D3-4462-9F58-16A28724B7FD}.Debug|x86.ActiveCfg = Debug|Win32
		{967D2C72-F2D3-4462-9F58-16A28724B7FD}.Debug|x86.Build.0 = Debug|Win32
		{967D2C72-F2D3-4462-9F58-16A28724B7FD}.Release|x64.ActiveCfg = Release|x64
		{967D2C72-F2D3-4462-9F58-16A28724B7FD}.Release|x64.Build.0 = Release|x64
		{967D2C72-F2D3-4462-9F58-16A28724B7FD}.Release|x86.ActiveCfg = Release|Win32
		{967D2C72-F2D3-4462-9F58-16A28724B7FD}.Release|x86.Build.0 = Release|Win32
		{2338EC0B-2A7C-42F5-BCFD-D27B063C2020}.Debug|x64.ActiveCfg = Debug|x64
		{2338EC0B-2A7C-42F5-BCFD-D27B063C2020}.Debug|x64.Build.0 = Debug|x64
		{2338EC0B-2A7C-42F5-BCFD-D27B063C2020}.Debug|x86.ActiveCfg = Debug|Win32
		{2338EC0B-2A7C-42F5-BCFD-D27B063C2020}.Debug|x86.Build.0 = Debug|Win32
		{2338EC0B-2A7C-42F5-BCFD-D27B063C2020}.Release|x64.ActiveCfg = Release|x64
		{2338EC0B-2A7C-42F5-BCFD-D27B063C2020}.Release|x64.Build.0 = Release|x64
		{2338EC0B-2A7C-42F5-BCFD-D27B063C2020}.Release|x86.ActiveCfg = Release|Win32
		{2338EC0B-2A7C-42F5-BCFD-D27B063C2020}.Release|x86.Build.0 = Release|Win32
		{D1F098D1-E484-4A8C-8E5E-8BBBC64D1422}.Debug|x64.ActiveCfg = Debug|x64
		{D1F098D1-E484-4A8C-8E5E-8BBBC64D1422}.Debug|x64.Build.0 = Debug|x64
		{D1F098D1-E484-4A8C-8E5E-8BBBC64D1422}.Debug|x86.ActiveCfg = Debug|Win32
		{D1F098D1-E484-4A8C-8E5E-8BBBC64D1422}.Debug|x86.Build.0 = Debug|Win32
		{D1F098D1-E484-4A8C-8E5E-8BBBC64D1422}.Release|x64.ActiveCfg = Release|x64
		{D1F098D1-E484-4A8C-8E5E-8BBBC64D1422}.Release|x64.Build.0 = Release|x64
		{D1F098D1-E484-4A8C-8E5E-8BBBC64D1422}.Release|x86.ActiveCfg = Release|Win32
		{D1F098D1-E484-4A8C-8E5E-8BBBC64D1422}.Release|x86.Build.0 = Release|Win32
		{63ECBFD1-DBDE-4F79-9103-06B02EDA4623}.Debug|x64.ActiveCfg = Debug|x64
		{63ECBFD1-DBDE-4F79-9103-06B02EDA4623}.Debug|x64.Build.0 = Debug|x64
		{63ECBFD1-DBDE-4F79-9103-06B02EDA4623}.Debug|x86.ActiveCfg = Debug|Win32
		{63ECBFD1-DBDE-4F79-9103-06B02EDA4623}.Debug|x86.Build.0 = Debug|Win32
		{63ECBFD1-DBDE-4F79-9103-06B02EDA4623}.Release|x64.ActiveCfg = Release|x64
		{63ECBFD1-DBDE-4F79-9103-06B02EDA4623}.Release|x64.Build.0 = Release|x64
		{63ECBFD1-DBDE-4F79-9103-06B02EDA4623}.Release|x86.ActiveCfg = Release|Win32
		{63ECBFD1-DBDE-4F79-9103-06B02EDA4623}.Release|x86.Build.0 = Release|Win32
		{73C933B5-3509-44CD-A8BA-370219E395CF}.Debug|x64.ActiveCfg = Debug|x64
		{73C933B5-3509-44CD-A8BA-370219E395CF}.Debug|x64.Build.0 = Debug|x64
		{73C933B5-3509-44CD-A8BA-370219E395CF}.Debug|x86.ActiveCfg = Debug|Win32
		{73C933B5-3509-44CD-A8BA-370219E395CF}.Debug|x86.Build.0 = Debug|Win32
		{73C933B5-3509-44CD-A8BA-370219E395CF}.Release|x64.ActiveCfg = Release|x64
		{73C933B5-3509-44CD-A8BA-370219E395CF}.Release|x64.Build.0 = Release|x64
		{73C933B5-3509-44CD-A8BA-370219E395CF}.Release|x86.ActiveCfg = Release|Win32
		{73C933B5-3509-44CD-A8BA-370219E395CF}.Release|x86.Build.0 = Release|Win32
	EndGlobalSection
	GlobalSection(SolutionProperties) = preSolution
		HideSolutionNode = FALSE
	EndGlobalSection
	GlobalSection(ExtensibilityGlobals) = postSolution
		SolutionGuid = {F5C1C30B-D21A-4D83-B634-7C47A6E7DD3B}
	EndGlobalSection
EndGlobal
