
Microsoft Visual Studio Solution File, Format Version 12.00
# Visual Studio Version 17
VisualStudioVersion = 17.0.32014.148
MinimumVisualStudioVersion = 10.0.40219.1
Project("{8BC9CEB8-8B4A-11D0-8D11-00A0C91BC942}") = "AprenderC++", "AprenderC++.vcxproj", "{01486F70-C5F9-4C8B-8824-13C194BCD821}"
EndProject
Project("{8BC9CEB8-8B4A-11D0-8D11-00A0C91BC942}") = "ConceitoVariavel", "ConceitoVariavel\ConceitoVariavel.vcxproj", "{CE2B8B6A-4C21-40F1-936C-95AA68430F42}"
EndProject
Project("{8BC9CEB8-8B4A-11D0-8D11-00A0C91BC942}") = "TiposDeVariaveis", "TiposDeVariaveis\TiposDeVariaveis.vcxproj", "{AF86E91F-975B-447C-B9E1-5B2A9B1E553F}"
EndProject
Project("{8BC9CEB8-8B4A-11D0-8D11-00A0C91BC942}") = "CaracteresUnicode", "CaracteresUnicode\CaracteresUnicode.vcxproj", "{B1EFCD2A-08E2-4DCB-B04D-CF7632F5B052}"
EndProject
Project("{8BC9CEB8-8B4A-11D0-8D11-00A0C91BC942}") = "Ex01", "Ex01\Ex01.vcxproj", "{6686ADA0-63AD-49AA-8253-63098756F07F}"
EndProject
Project("{8BC9CEB8-8B4A-11D0-8D11-00A0C91BC942}") = "ModificadoresDeTipo", "ModificadoresDeTipo\ModificadoresDeTipo.vcxproj", "{08447469-D61D-4483-8B67-516403892F7A}"
EndProject
Project("{8BC9CEB8-8B4A-11D0-8D11-00A0C91BC942}") = "Constantes", "Constantes\Constantes.vcxproj", "{25E8EB9D-A50A-445F-90A0-291B1EB98844}"
EndProject
Project("{8BC9CEB8-8B4A-11D0-8D11-00A0C91BC942}") = "CentralizarTexto", "CentralizarTexto\CentralizarTexto.vcxproj", "{2C90EDA9-A802-4226-BD2D-DF24C9FD872C}"
EndProject
Project("{8BC9CEB8-8B4A-11D0-8D11-00A0C91BC942}") = "CentralizarTexto2", "CentralizarTexto2\CentralizarTexto2.vcxproj", "{91078541-1CB1-4CA8-917A-50BAA198B8D9}"
EndProject
Project("{8BC9CEB8-8B4A-11D0-8D11-00A0C91BC942}") = "ApiWindows", "ApiWindows\ApiWindows.vcxproj", "{811701D8-5895-433C-95EB-FFBA7F97E265}"
EndProject
Project("{8BC9CEB8-8B4A-11D0-8D11-00A0C91BC942}") = "GotoXY", "GotoXY\GotoXY.vcxproj", "{1074DF91-A720-4CAC-87AF-A77B272A1C48}"
EndProject
Project("{8BC9CEB8-8B4A-11D0-8D11-00A0C91BC942}") = "GotoXYBiblioteca", "GotoXYBiblioteca\GotoXYBiblioteca.vcxproj", "{03436992-F8F3-4BE1-8BCC-B0A289A51A54}"
EndProject
Project("{8BC9CEB8-8B4A-11D0-8D11-00A0C91BC942}") = "RecebendoDados", "RecebendoDados\RecebendoDados.vcxproj", "{B1C6DC07-22DE-4E9D-A900-F72751DBF10F}"
EndProject
Project("{8BC9CEB8-8B4A-11D0-8D11-00A0C91BC942}") = "MultiplasEntradas", "MultiplasEntradas\MultiplasEntradas.vcxproj", "{49AAC200-5F08-46A1-8CAD-B621742DD059}"
EndProject
Project("{8BC9CEB8-8B4A-11D0-8D11-00A0C91BC942}") = "Ex02", "Ex02\Ex02.vcxproj", "{BB77487C-3C05-4ECB-B7AD-977073291319}"
EndProject
Global
	GlobalSection(SolutionConfigurationPlatforms) = preSolution
		Debug|x64 = Debug|x64
		Debug|x86 = Debug|x86
		Release|x64 = Release|x64
		Release|x86 = Release|x86
	EndGlobalSection
	GlobalSection(ProjectConfigurationPlatforms) = postSolution
		{01486F70-C5F9-4C8B-8824-13C194BCD821}.Debug|x64.ActiveCfg = Debug|x64
		{01486F70-C5F9-4C8B-8824-13C194BCD821}.Debug|x64.Build.0 = Debug|x64
		{01486F70-C5F9-4C8B-8824-13C194BCD821}.Debug|x86.ActiveCfg = Debug|Win32
		{01486F70-C5F9-4C8B-8824-13C194BCD821}.Debug|x86.Build.0 = Debug|Win32
		{01486F70-C5F9-4C8B-8824-13C194BCD821}.Release|x64.ActiveCfg = Release|x64
		{01486F70-C5F9-4C8B-8824-13C194BCD821}.Release|x64.Build.0 = Release|x64
		{01486F70-C5F9-4C8B-8824-13C194BCD821}.Release|x86.ActiveCfg = Release|Win32
		{01486F70-C5F9-4C8B-8824-13C194BCD821}.Release|x86.Build.0 = Release|Win32
		{CE2B8B6A-4C21-40F1-936C-95AA68430F42}.Debug|x64.ActiveCfg = Debug|x64
		{CE2B8B6A-4C21-40F1-936C-95AA68430F42}.Debug|x64.Build.0 = Debug|x64
		{CE2B8B6A-4C21-40F1-936C-95AA68430F42}.Debug|x86.ActiveCfg = Debug|Win32
		{CE2B8B6A-4C21-40F1-936C-95AA68430F42}.Debug|x86.Build.0 = Debug|Win32
		{CE2B8B6A-4C21-40F1-936C-95AA68430F42}.Release|x64.ActiveCfg = Release|x64
		{CE2B8B6A-4C21-40F1-936C-95AA68430F42}.Release|x64.Build.0 = Release|x64
		{CE2B8B6A-4C21-40F1-936C-95AA68430F42}.Release|x86.ActiveCfg = Release|Win32
		{CE2B8B6A-4C21-40F1-936C-95AA68430F42}.Release|x86.Build.0 = Release|Win32
		{AF86E91F-975B-447C-B9E1-5B2A9B1E553F}.Debug|x64.ActiveCfg = Debug|x64
		{AF86E91F-975B-447C-B9E1-5B2A9B1E553F}.Debug|x64.Build.0 = Debug|x64
		{AF86E91F-975B-447C-B9E1-5B2A9B1E553F}.Debug|x86.ActiveCfg = Debug|Win32
		{AF86E91F-975B-447C-B9E1-5B2A9B1E553F}.Debug|x86.Build.0 = Debug|Win32
		{AF86E91F-975B-447C-B9E1-5B2A9B1E553F}.Release|x64.ActiveCfg = Release|x64
		{AF86E91F-975B-447C-B9E1-5B2A9B1E553F}.Release|x64.Build.0 = Release|x64
		{AF86E91F-975B-447C-B9E1-5B2A9B1E553F}.Release|x86.ActiveCfg = Release|Win32
		{AF86E91F-975B-447C-B9E1-5B2A9B1E553F}.Release|x86.Build.0 = Release|Win32
		{B1EFCD2A-08E2-4DCB-B04D-CF7632F5B052}.Debug|x64.ActiveCfg = Debug|x64
		{B1EFCD2A-08E2-4DCB-B04D-CF7632F5B052}.Debug|x64.Build.0 = Debug|x64
		{B1EFCD2A-08E2-4DCB-B04D-CF7632F5B052}.Debug|x86.ActiveCfg = Debug|Win32
		{B1EFCD2A-08E2-4DCB-B04D-CF7632F5B052}.Debug|x86.Build.0 = Debug|Win32
		{B1EFCD2A-08E2-4DCB-B04D-CF7632F5B052}.Release|x64.ActiveCfg = Release|x64
		{B1EFCD2A-08E2-4DCB-B04D-CF7632F5B052}.Release|x64.Build.0 = Release|x64
		{B1EFCD2A-08E2-4DCB-B04D-CF7632F5B052}.Release|x86.ActiveCfg = Release|Win32
		{B1EFCD2A-08E2-4DCB-B04D-CF7632F5B052}.Release|x86.Build.0 = Release|Win32
		{6686ADA0-63AD-49AA-8253-63098756F07F}.Debug|x64.ActiveCfg = Debug|x64
		{6686ADA0-63AD-49AA-8253-63098756F07F}.Debug|x64.Build.0 = Debug|x64
		{6686ADA0-63AD-49AA-8253-63098756F07F}.Debug|x86.ActiveCfg = Debug|Win32
		{6686ADA0-63AD-49AA-8253-63098756F07F}.Debug|x86.Build.0 = Debug|Win32
		{6686ADA0-63AD-49AA-8253-63098756F07F}.Release|x64.ActiveCfg = Release|x64
		{6686ADA0-63AD-49AA-8253-63098756F07F}.Release|x64.Build.0 = Release|x64
		{6686ADA0-63AD-49AA-8253-63098756F07F}.Release|x86.ActiveCfg = Release|Win32
		{6686ADA0-63AD-49AA-8253-63098756F07F}.Release|x86.Build.0 = Release|Win32
		{08447469-D61D-4483-8B67-516403892F7A}.Debug|x64.ActiveCfg = Debug|x64
		{08447469-D61D-4483-8B67-516403892F7A}.Debug|x64.Build.0 = Debug|x64
		{08447469-D61D-4483-8B67-516403892F7A}.Debug|x86.ActiveCfg = Debug|Win32
		{08447469-D61D-4483-8B67-516403892F7A}.Debug|x86.Build.0 = Debug|Win32
		{08447469-D61D-4483-8B67-516403892F7A}.Release|x64.ActiveCfg = Release|x64
		{08447469-D61D-4483-8B67-516403892F7A}.Release|x64.Build.0 = Release|x64
		{08447469-D61D-4483-8B67-516403892F7A}.Release|x86.ActiveCfg = Release|Win32
		{08447469-D61D-4483-8B67-516403892F7A}.Release|x86.Build.0 = Release|Win32
		{25E8EB9D-A50A-445F-90A0-291B1EB98844}.Debug|x64.ActiveCfg = Debug|x64
		{25E8EB9D-A50A-445F-90A0-291B1EB98844}.Debug|x64.Build.0 = Debug|x64
		{25E8EB9D-A50A-445F-90A0-291B1EB98844}.Debug|x86.ActiveCfg = Debug|Win32
		{25E8EB9D-A50A-445F-90A0-291B1EB98844}.Debug|x86.Build.0 = Debug|Win32
		{25E8EB9D-A50A-445F-90A0-291B1EB98844}.Release|x64.ActiveCfg = Release|x64
		{25E8EB9D-A50A-445F-90A0-291B1EB98844}.Release|x64.Build.0 = Release|x64
		{25E8EB9D-A50A-445F-90A0-291B1EB98844}.Release|x86.ActiveCfg = Release|Win32
		{25E8EB9D-A50A-445F-90A0-291B1EB98844}.Release|x86.Build.0 = Release|Win32
		{2C90EDA9-A802-4226-BD2D-DF24C9FD872C}.Debug|x64.ActiveCfg = Debug|x64
		{2C90EDA9-A802-4226-BD2D-DF24C9FD872C}.Debug|x64.Build.0 = Debug|x64
		{2C90EDA9-A802-4226-BD2D-DF24C9FD872C}.Debug|x86.ActiveCfg = Debug|Win32
		{2C90EDA9-A802-4226-BD2D-DF24C9FD872C}.Debug|x86.Build.0 = Debug|Win32
		{2C90EDA9-A802-4226-BD2D-DF24C9FD872C}.Release|x64.ActiveCfg = Release|x64
		{2C90EDA9-A802-4226-BD2D-DF24C9FD872C}.Release|x64.Build.0 = Release|x64
		{2C90EDA9-A802-4226-BD2D-DF24C9FD872C}.Release|x86.ActiveCfg = Release|Win32
		{2C90EDA9-A802-4226-BD2D-DF24C9FD872C}.Release|x86.Build.0 = Release|Win32
		{91078541-1CB1-4CA8-917A-50BAA198B8D9}.Debug|x64.ActiveCfg = Debug|x64
		{91078541-1CB1-4CA8-917A-50BAA198B8D9}.Debug|x64.Build.0 = Debug|x64
		{91078541-1CB1-4CA8-917A-50BAA198B8D9}.Debug|x86.ActiveCfg = Debug|Win32
		{91078541-1CB1-4CA8-917A-50BAA198B8D9}.Debug|x86.Build.0 = Debug|Win32
		{91078541-1CB1-4CA8-917A-50BAA198B8D9}.Release|x64.ActiveCfg = Release|x64
		{91078541-1CB1-4CA8-917A-50BAA198B8D9}.Release|x64.Build.0 = Release|x64
		{91078541-1CB1-4CA8-917A-50BAA198B8D9}.Release|x86.ActiveCfg = Release|Win32
		{91078541-1CB1-4CA8-917A-50BAA198B8D9}.Release|x86.Build.0 = Release|Win32
		{811701D8-5895-433C-95EB-FFBA7F97E265}.Debug|x64.ActiveCfg = Debug|x64
		{811701D8-5895-433C-95EB-FFBA7F97E265}.Debug|x64.Build.0 = Debug|x64
		{811701D8-5895-433C-95EB-FFBA7F97E265}.Debug|x86.ActiveCfg = Debug|Win32
		{811701D8-5895-433C-95EB-FFBA7F97E265}.Debug|x86.Build.0 = Debug|Win32
		{811701D8-5895-433C-95EB-FFBA7F97E265}.Release|x64.ActiveCfg = Release|x64
		{811701D8-5895-433C-95EB-FFBA7F97E265}.Release|x64.Build.0 = Release|x64
		{811701D8-5895-433C-95EB-FFBA7F97E265}.Release|x86.ActiveCfg = Release|Win32
		{811701D8-5895-433C-95EB-FFBA7F97E265}.Release|x86.Build.0 = Release|Win32
		{1074DF91-A720-4CAC-87AF-A77B272A1C48}.Debug|x64.ActiveCfg = Debug|x64
		{1074DF91-A720-4CAC-87AF-A77B272A1C48}.Debug|x64.Build.0 = Debug|x64
		{1074DF91-A720-4CAC-87AF-A77B272A1C48}.Debug|x86.ActiveCfg = Debug|Win32
		{1074DF91-A720-4CAC-87AF-A77B272A1C48}.Debug|x86.Build.0 = Debug|Win32
		{1074DF91-A720-4CAC-87AF-A77B272A1C48}.Release|x64.ActiveCfg = Release|x64
		{1074DF91-A720-4CAC-87AF-A77B272A1C48}.Release|x64.Build.0 = Release|x64
		{1074DF91-A720-4CAC-87AF-A77B272A1C48}.Release|x86.ActiveCfg = Release|Win32
		{1074DF91-A720-4CAC-87AF-A77B272A1C48}.Release|x86.Build.0 = Release|Win32
		{03436992-F8F3-4BE1-8BCC-B0A289A51A54}.Debug|x64.ActiveCfg = Debug|x64
		{03436992-F8F3-4BE1-8BCC-B0A289A51A54}.Debug|x64.Build.0 = Debug|x64
		{03436992-F8F3-4BE1-8BCC-B0A289A51A54}.Debug|x86.ActiveCfg = Debug|Win32
		{03436992-F8F3-4BE1-8BCC-B0A289A51A54}.Debug|x86.Build.0 = Debug|Win32
		{03436992-F8F3-4BE1-8BCC-B0A289A51A54}.Release|x64.ActiveCfg = Release|x64
		{03436992-F8F3-4BE1-8BCC-B0A289A51A54}.Release|x64.Build.0 = Release|x64
		{03436992-F8F3-4BE1-8BCC-B0A289A51A54}.Release|x86.ActiveCfg = Release|Win32
		{03436992-F8F3-4BE1-8BCC-B0A289A51A54}.Release|x86.Build.0 = Release|Win32
		{B1C6DC07-22DE-4E9D-A900-F72751DBF10F}.Debug|x64.ActiveCfg = Debug|x64
		{B1C6DC07-22DE-4E9D-A900-F72751DBF10F}.Debug|x64.Build.0 = Debug|x64
		{B1C6DC07-22DE-4E9D-A900-F72751DBF10F}.Debug|x86.ActiveCfg = Debug|Win32
		{B1C6DC07-22DE-4E9D-A900-F72751DBF10F}.Debug|x86.Build.0 = Debug|Win32
		{B1C6DC07-22DE-4E9D-A900-F72751DBF10F}.Release|x64.ActiveCfg = Release|x64
		{B1C6DC07-22DE-4E9D-A900-F72751DBF10F}.Release|x64.Build.0 = Release|x64
		{B1C6DC07-22DE-4E9D-A900-F72751DBF10F}.Release|x86.ActiveCfg = Release|Win32
		{B1C6DC07-22DE-4E9D-A900-F72751DBF10F}.Release|x86.Build.0 = Release|Win32
		{49AAC200-5F08-46A1-8CAD-B621742DD059}.Debug|x64.ActiveCfg = Debug|x64
		{49AAC200-5F08-46A1-8CAD-B621742DD059}.Debug|x64.Build.0 = Debug|x64
		{49AAC200-5F08-46A1-8CAD-B621742DD059}.Debug|x86.ActiveCfg = Debug|Win32
		{49AAC200-5F08-46A1-8CAD-B621742DD059}.Debug|x86.Build.0 = Debug|Win32
		{49AAC200-5F08-46A1-8CAD-B621742DD059}.Release|x64.ActiveCfg = Release|x64
		{49AAC200-5F08-46A1-8CAD-B621742DD059}.Release|x64.Build.0 = Release|x64
		{49AAC200-5F08-46A1-8CAD-B621742DD059}.Release|x86.ActiveCfg = Release|Win32
		{49AAC200-5F08-46A1-8CAD-B621742DD059}.Release|x86.Build.0 = Release|Win32
		{BB77487C-3C05-4ECB-B7AD-977073291319}.Debug|x64.ActiveCfg = Debug|x64
		{BB77487C-3C05-4ECB-B7AD-977073291319}.Debug|x64.Build.0 = Debug|x64
		{BB77487C-3C05-4ECB-B7AD-977073291319}.Debug|x86.ActiveCfg = Debug|Win32
		{BB77487C-3C05-4ECB-B7AD-977073291319}.Debug|x86.Build.0 = Debug|Win32
		{BB77487C-3C05-4ECB-B7AD-977073291319}.Release|x64.ActiveCfg = Release|x64
		{BB77487C-3C05-4ECB-B7AD-977073291319}.Release|x64.Build.0 = Release|x64
		{BB77487C-3C05-4ECB-B7AD-977073291319}.Release|x86.ActiveCfg = Release|Win32
		{BB77487C-3C05-4ECB-B7AD-977073291319}.Release|x86.Build.0 = Release|Win32
	EndGlobalSection
	GlobalSection(SolutionProperties) = preSolution
		HideSolutionNode = FALSE
	EndGlobalSection
	GlobalSection(ExtensibilityGlobals) = postSolution
		SolutionGuid = {17DD076E-AC58-4722-A24D-FB5971CEDB39}
	EndGlobalSection
EndGlobal
