
Microsoft Visual Studio Solution File, Format Version 12.00
# Visual Studio Version 17
VisualStudioVersion = 17.0.32014.148
MinimumVisualStudioVersion = 10.0.40219.1
Project("{8BC9CEB8-8B4A-11D0-8D11-00A0C91BC942}") = "AprenderC++", "AprenderC++.vcxproj", "{01486F70-C5F9-4C8B-8824-13C194BCD821}"
EndProject
Project("{8BC9CEB8-8B4A-11D0-8D11-00A0C91BC942}") = "ConceitoVariavel", "ConceitoVariavel\ConceitoVariavel.vcxproj", "{CE2B8B6A-4C21-40F1-936C-95AA68430F42}"
EndProject
Project("{8BC9CEB8-8B4A-11D0-8D11-00A0C91BC942}") = "TiposDeVariaveis", "TiposDeVariaveis\TiposDeVariaveis.vcxproj", "{AF86E91F-975B-447C-B9E1-5B2A9B1E553F}"
EndProject
Project("{8BC9CEB8-8B4A-11D0-8D11-00A0C91BC942}") = "CaracteresUnicode", "CaracteresUnicode\CaracteresUnicode.vcxproj", "{B1EFCD2A-08E2-4DCB-B04D-CF7632F5B052}"
EndProject
Project("{8BC9CEB8-8B4A-11D0-8D11-00A0C91BC942}") = "Ex01", "Ex01\Ex01.vcxproj", "{6686ADA0-63AD-49AA-8253-63098756F07F}"
EndProject
Project("{8BC9CEB8-8B4A-11D0-8D11-00A0C91BC942}") = "ModificadoresDeTipo", "ModificadoresDeTipo\ModificadoresDeTipo.vcxproj", "{08447469-D61D-4483-8B67-516403892F7A}"
EndProject
Project("{8BC9CEB8-8B4A-11D0-8D11-00A0C91BC942}") = "Constantes", "Constantes\Constantes.vcxproj", "{25E8EB9D-A50A-445F-90A0-291B1EB98844}"
EndProject
Project("{8BC9CEB8-8B4A-11D0-8D11-00A0C91BC942}") = "CentralizarTexto", "CentralizarTexto\CentralizarTexto.vcxproj", "{2C90EDA9-A802-4226-BD2D-DF24C9FD872C}"
EndProject
Project("{8BC9CEB8-8B4A-11D0-8D11-00A0C91BC942}") = "CentralizarTexto2", "CentralizarTexto2\CentralizarTexto2.vcxproj", "{91078541-1CB1-4CA8-917A-50BAA198B8D9}"
EndProject
Project("{8BC9CEB8-8B4A-11D0-8D11-00A0C91BC942}") = "ApiWindows", "ApiWindows\ApiWindows.vcxproj", "{811701D8-5895-433C-95EB-FFBA7F97E265}"
EndProject
Project("{8BC9CEB8-8B4A-11D0-8D11-00A0C91BC942}") = "GotoXY", "GotoXY\GotoXY.vcxproj", "{1074DF91-A720-4CAC-87AF-A77B272A1C48}"
EndProject
Project("{8BC9CEB8-8B4A-11D0-8D11-00A0C91BC942}") = "GotoXYBiblioteca", "GotoXYBiblioteca\GotoXYBiblioteca.vcxproj", "{03436992-F8F3-4BE1-8BCC-B0A289A51A54}"
EndProject
Project("{8BC9CEB8-8B4A-11D0-8D11-00A0C91BC942}") = "RecebendoDados", "RecebendoDados\RecebendoDados.vcxproj", "{B1C6DC07-22DE-4E9D-A900-F72751DBF10F}"
EndProject
Project("{8BC9CEB8-8B4A-11D0-8D11-00A0C91BC942}") = "MultiplasEntradas", "MultiplasEntradas\MultiplasEntradas.vcxproj", "{49AAC200-5F08-46A1-8CAD-B621742DD059}"
EndProject
Project("{8BC9CEB8-8B4A-11D0-8D11-00A0C91BC942}") = "Ex02", "Ex02\Ex02.vcxproj", "{BB77487C-3C05-4ECB-B7AD-977073291319}"
EndProject
Project("{8BC9CEB8-8B4A-11D0-8D11-00A0C91BC942}") = "OperadoresLogicos", "OperadoresLogicos\OperadoresLogicos.vcxproj", "{1CB266EE-0E02-4B93-864F-703D9C325833}"
EndProject
Project("{8BC9CEB8-8B4A-11D0-8D11-00A0C91BC942}") = "IncrementoDecremento", "IncrementoDecremento\IncrementoDecremento.vcxproj", "{8A94FF91-6C61-49CF-8C94-7C402C0B3A49}"
EndProject
Project("{8BC9CEB8-8B4A-11D0-8D11-00A0C91BC942}") = "SeEntaoIfElse", "SeEntaoIfElse\SeEntaoIfElse.vcxproj", "{4A4FE73D-F674-4470-A9B3-58E96B019B68}"
EndProject
Project("{8BC9CEB8-8B4A-11D0-8D11-00A0C91BC942}") = "OperadorTernario", "OperadorTernario\OperadorTernario.vcxproj", "{06A1B7FC-C196-4479-9E27-C820EAD70ED7}"
EndProject
Project("{8BC9CEB8-8B4A-11D0-8D11-00A0C91BC942}") = "EscolhaCaso", "EscolhaCaso\EscolhaCaso.vcxproj", "{D3BC0CB4-E13C-4806-8997-50AD3C344234}"
EndProject
Project("{8BC9CEB8-8B4A-11D0-8D11-00A0C91BC942}") = "While", "While\While.vcxproj", "{B0372F65-931D-4C8F-9118-DF5FC900413E}"
EndProject
Project("{8BC9CEB8-8B4A-11D0-8D11-00A0C91BC942}") = "Potencia", "Potencia\Potencia.vcxproj", "{F88B5AA5-8679-421B-BBA9-F58AAE4FBA79}"
EndProject
Project("{8BC9CEB8-8B4A-11D0-8D11-00A0C91BC942}") = "DoWhile", "DoWhile\DoWhile.vcxproj", "{788A91EA-A92A-4675-BC07-6F7B7BB33C64}"
EndProject
Project("{8BC9CEB8-8B4A-11D0-8D11-00A0C91BC942}") = "ProjetoFor", "ProjetoFor\ProjetoFor.vcxproj", "{F2A71C56-C351-47B1-9CC4-25F6D8AD2586}"
EndProject
Project("{8BC9CEB8-8B4A-11D0-8D11-00A0C91BC942}") = "RandomNumbers", "RandomNumbers\RandomNumbers.vcxproj", "{7D4D2F33-E1AE-4A57-ABD0-A28CB76576C5}"
EndProject
Project("{8BC9CEB8-8B4A-11D0-8D11-00A0C91BC942}") = "Funcoes", "Funcoes\Funcoes.vcxproj", "{98DD39BD-7EC2-4B56-97E0-6A1A1C0E703F}"
EndProject
Project("{8BC9CEB8-8B4A-11D0-8D11-00A0C91BC942}") = "Funcoes2", "Funcoes2\Funcoes2.vcxproj", "{EE032C9B-4367-4765-AEF8-6E28178D398B}"
EndProject
Project("{8BC9CEB8-8B4A-11D0-8D11-00A0C91BC942}") = "Calculadora", "Calculadora\Calculadora.vcxproj", "{2F98C34C-6500-46BE-8E84-0E33E0F46D14}"
EndProject
Project("{8BC9CEB8-8B4A-11D0-8D11-00A0C91BC942}") = "CriandoFuncoes", "CriandoFuncoes\CriandoFuncoes.vcxproj", "{1788529C-C0CF-492E-B541-88E5632F685B}"
EndProject
Global
	GlobalSection(SolutionConfigurationPlatforms) = preSolution
		Debug|x64 = Debug|x64
		Debug|x86 = Debug|x86
		Release|x64 = Release|x64
		Release|x86 = Release|x86
	EndGlobalSection
	GlobalSection(ProjectConfigurationPlatforms) = postSolution
		{01486F70-C5F9-4C8B-8824-13C194BCD821}.Debug|x64.ActiveCfg = Debug|x64
		{01486F70-C5F9-4C8B-8824-13C194BCD821}.Debug|x64.Build.0 = Debug|x64
		{01486F70-C5F9-4C8B-8824-13C194BCD821}.Debug|x86.ActiveCfg = Debug|Win32
		{01486F70-C5F9-4C8B-8824-13C194BCD821}.Debug|x86.Build.0 = Debug|Win32
		{01486F70-C5F9-4C8B-8824-13C194BCD821}.Release|x64.ActiveCfg = Release|x64
		{01486F70-C5F9-4C8B-8824-13C194BCD821}.Release|x64.Build.0 = Release|x64
		{01486F70-C5F9-4C8B-8824-13C194BCD821}.Release|x86.ActiveCfg = Release|Win32
		{01486F70-C5F9-4C8B-8824-13C194BCD821}.Release|x86.Build.0 = Release|Win32
		{CE2B8B6A-4C21-40F1-936C-95AA68430F42}.Debug|x64.ActiveCfg = Debug|x64
		{CE2B8B6A-4C21-40F1-936C-95AA68430F42}.Debug|x64.Build.0 = Debug|x64
		{CE2B8B6A-4C21-40F1-936C-95AA68430F42}.Debug|x86.ActiveCfg = Debug|Win32
		{CE2B8B6A-4C21-40F1-936C-95AA68430F42}.Debug|x86.Build.0 = Debug|Win32
		{CE2B8B6A-4C21-40F1-936C-95AA68430F42}.Release|x64.ActiveCfg = Release|x64
		{CE2B8B6A-4C21-40F1-936C-95AA68430F42}.Release|x64.Build.0 = Release|x64
		{CE2B8B6A-4C21-40F1-936C-95AA68430F42}.Release|x86.ActiveCfg = Release|Win32
		{CE2B8B6A-4C21-40F1-936C-95AA68430F42}.Release|x86.Build.0 = Release|Win32
		{AF86E91F-975B-447C-B9E1-5B2A9B1E553F}.Debug|x64.ActiveCfg = Debug|x64
		{AF86E91F-975B-447C-B9E1-5B2A9B1E553F}.Debug|x64.Build.0 = Debug|x64
		{AF86E91F-975B-447C-B9E1-5B2A9B1E553F}.Debug|x86.ActiveCfg = Debug|Win32
		{AF86E91F-975B-447C-B9E1-5B2A9B1E553F}.Debug|x86.Build.0 = Debug|Win32
		{AF86E91F-975B-447C-B9E1-5B2A9B1E553F}.Release|x64.ActiveCfg = Release|x64
		{AF86E91F-975B-447C-B9E1-5B2A9B1E553F}.Release|x64.Build.0 = Release|x64
		{AF86E91F-975B-447C-B9E1-5B2A9B1E553F}.Release|x86.ActiveCfg = Release|Win32
		{AF86E91F-975B-447C-B9E1-5B2A9B1E553F}.Release|x86.Build.0 = Release|Win32
		{B1EFCD2A-08E2-4DCB-B04D-CF7632F5B052}.Debug|x64.ActiveCfg = Debug|x64
		{B1EFCD2A-08E2-4DCB-B04D-CF7632F5B052}.Debug|x64.Build.0 = Debug|x64
		{B1EFCD2A-08E2-4DCB-B04D-CF7632F5B052}.Debug|x86.ActiveCfg = Debug|Win32
		{B1EFCD2A-08E2-4DCB-B04D-CF7632F5B052}.Debug|x86.Build.0 = Debug|Win32
		{B1EFCD2A-08E2-4DCB-B04D-CF7632F5B052}.Release|x64.ActiveCfg = Release|x64
		{B1EFCD2A-08E2-4DCB-B04D-CF7632F5B052}.Release|x64.Build.0 = Release|x64
		{B1EFCD2A-08E2-4DCB-B04D-CF7632F5B052}.Release|x86.ActiveCfg = Release|Win32
		{B1EFCD2A-08E2-4DCB-B04D-CF7632F5B052}.Release|x86.Build.0 = Release|Win32
		{6686ADA0-63AD-49AA-8253-63098756F07F}.Debug|x64.ActiveCfg = Debug|x64
		{6686ADA0-63AD-49AA-8253-63098756F07F}.Debug|x64.Build.0 = Debug|x64
		{6686ADA0-63AD-49AA-8253-63098756F07F}.Debug|x86.ActiveCfg = Debug|Win32
		{6686ADA0-63AD-49AA-8253-63098756F07F}.Debug|x86.Build.0 = Debug|Win32
		{6686ADA0-63AD-49AA-8253-63098756F07F}.Release|x64.ActiveCfg = Release|x64
		{6686ADA0-63AD-49AA-8253-63098756F07F}.Release|x64.Build.0 = Release|x64
		{6686ADA0-63AD-49AA-8253-63098756F07F}.Release|x86.ActiveCfg = Release|Win32
		{6686ADA0-63AD-49AA-8253-63098756F07F}.Release|x86.Build.0 = Release|Win32
		{08447469-D61D-4483-8B67-516403892F7A}.Debug|x64.ActiveCfg = Debug|x64
		{08447469-D61D-4483-8B67-516403892F7A}.Debug|x64.Build.0 = Debug|x64
		{08447469-D61D-4483-8B67-516403892F7A}.Debug|x86.ActiveCfg = Debug|Win32
		{08447469-D61D-4483-8B67-516403892F7A}.Debug|x86.Build.0 = Debug|Win32
		{08447469-D61D-4483-8B67-516403892F7A}.Release|x64.ActiveCfg = Release|x64
		{08447469-D61D-4483-8B67-516403892F7A}.Release|x64.Build.0 = Release|x64
		{08447469-D61D-4483-8B67-516403892F7A}.Release|x86.ActiveCfg = Release|Win32
		{08447469-D61D-4483-8B67-516403892F7A}.Release|x86.Build.0 = Release|Win32
		{25E8EB9D-A50A-445F-90A0-291B1EB98844}.Debug|x64.ActiveCfg = Debug|x64
		{25E8EB9D-A50A-445F-90A0-291B1EB98844}.Debug|x64.Build.0 = Debug|x64
		{25E8EB9D-A50A-445F-90A0-291B1EB98844}.Debug|x86.ActiveCfg = Debug|Win32
		{25E8EB9D-A50A-445F-90A0-291B1EB98844}.Debug|x86.Build.0 = Debug|Win32
		{25E8EB9D-A50A-445F-90A0-291B1EB98844}.Release|x64.ActiveCfg = Release|x64
		{25E8EB9D-A50A-445F-90A0-291B1EB98844}.Release|x64.Build.0 = Release|x64
		{25E8EB9D-A50A-445F-90A0-291B1EB98844}.Release|x86.ActiveCfg = Release|Win32
		{25E8EB9D-A50A-445F-90A0-291B1EB98844}.Release|x86.Build.0 = Release|Win32
		{2C90EDA9-A802-4226-BD2D-DF24C9FD872C}.Debug|x64.ActiveCfg = Debug|x64
		{2C90EDA9-A802-4226-BD2D-DF24C9FD872C}.Debug|x64.Build.0 = Debug|x64
		{2C90EDA9-A802-4226-BD2D-DF24C9FD872C}.Debug|x86.ActiveCfg = Debug|Win32
		{2C90EDA9-A802-4226-BD2D-DF24C9FD872C}.Debug|x86.Build.0 = Debug|Win32
		{2C90EDA9-A802-4226-BD2D-DF24C9FD872C}.Release|x64.ActiveCfg = Release|x64
		{2C90EDA9-A802-4226-BD2D-DF24C9FD872C}.Release|x64.Build.0 = Release|x64
		{2C90EDA9-A802-4226-BD2D-DF24C9FD872C}.Release|x86.ActiveCfg = Release|Win32
		{2C90EDA9-A802-4226-BD2D-DF24C9FD872C}.Release|x86.Build.0 = Release|Win32
		{91078541-1CB1-4CA8-917A-50BAA198B8D9}.Debug|x64.ActiveCfg = Debug|x64
		{91078541-1CB1-4CA8-917A-50BAA198B8D9}.Debug|x64.Build.0 = Debug|x64
		{91078541-1CB1-4CA8-917A-50BAA198B8D9}.Debug|x86.ActiveCfg = Debug|Win32
		{91078541-1CB1-4CA8-917A-50BAA198B8D9}.Debug|x86.Build.0 = Debug|Win32
		{91078541-1CB1-4CA8-917A-50BAA198B8D9}.Release|x64.ActiveCfg = Release|x64
		{91078541-1CB1-4CA8-917A-50BAA198B8D9}.Release|x64.Build.0 = Release|x64
		{91078541-1CB1-4CA8-917A-50BAA198B8D9}.Release|x86.ActiveCfg = Release|Win32
		{91078541-1CB1-4CA8-917A-50BAA198B8D9}.Release|x86.Build.0 = Release|Win32
		{811701D8-5895-433C-95EB-FFBA7F97E265}.Debug|x64.ActiveCfg = Debug|x64
		{811701D8-5895-433C-95EB-FFBA7F97E265}.Debug|x64.Build.0 = Debug|x64
		{811701D8-5895-433C-95EB-FFBA7F97E265}.Debug|x86.ActiveCfg = Debug|Win32
		{811701D8-5895-433C-95EB-FFBA7F97E265}.Debug|x86.Build.0 = Debug|Win32
		{811701D8-5895-433C-95EB-FFBA7F97E265}.Release|x64.ActiveCfg = Release|x64
		{811701D8-5895-433C-95EB-FFBA7F97E265}.Release|x64.Build.0 = Release|x64
		{811701D8-5895-433C-95EB-FFBA7F97E265}.Release|x86.ActiveCfg = Release|Win32
		{811701D8-5895-433C-95EB-FFBA7F97E265}.Release|x86.Build.0 = Release|Win32
		{1074DF91-A720-4CAC-87AF-A77B272A1C48}.Debug|x64.ActiveCfg = Debug|x64
		{1074DF91-A720-4CAC-87AF-A77B272A1C48}.Debug|x64.Build.0 = Debug|x64
		{1074DF91-A720-4CAC-87AF-A77B272A1C48}.Debug|x86.ActiveCfg = Debug|Win32
		{1074DF91-A720-4CAC-87AF-A77B272A1C48}.Debug|x86.Build.0 = Debug|Win32
		{1074DF91-A720-4CAC-87AF-A77B272A1C48}.Release|x64.ActiveCfg = Release|x64
		{1074DF91-A720-4CAC-87AF-A77B272A1C48}.Release|x64.Build.0 = Release|x64
		{1074DF91-A720-4CAC-87AF-A77B272A1C48}.Release|x86.ActiveCfg = Release|Win32
		{1074DF91-A720-4CAC-87AF-A77B272A1C48}.Release|x86.Build.0 = Release|Win32
		{03436992-F8F3-4BE1-8BCC-B0A289A51A54}.Debug|x64.ActiveCfg = Debug|x64
		{03436992-F8F3-4BE1-8BCC-B0A289A51A54}.Debug|x64.Build.0 = Debug|x64
		{03436992-F8F3-4BE1-8BCC-B0A289A51A54}.Debug|x86.ActiveCfg = Debug|Win32
		{03436992-F8F3-4BE1-8BCC-B0A289A51A54}.Debug|x86.Build.0 = Debug|Win32
		{03436992-F8F3-4BE1-8BCC-B0A289A51A54}.Release|x64.ActiveCfg = Release|x64
		{03436992-F8F3-4BE1-8BCC-B0A289A51A54}.Release|x64.Build.0 = Release|x64
		{03436992-F8F3-4BE1-8BCC-B0A289A51A54}.Release|x86.ActiveCfg = Release|Win32
		{03436992-F8F3-4BE1-8BCC-B0A289A51A54}.Release|x86.Build.0 = Release|Win32
		{B1C6DC07-22DE-4E9D-A900-F72751DBF10F}.Debug|x64.ActiveCfg = Debug|x64
		{B1C6DC07-22DE-4E9D-A900-F72751DBF10F}.Debug|x64.Build.0 = Debug|x64
		{B1C6DC07-22DE-4E9D-A900-F72751DBF10F}.Debug|x86.ActiveCfg = Debug|Win32
		{B1C6DC07-22DE-4E9D-A900-F72751DBF10F}.Debug|x86.Build.0 = Debug|Win32
		{B1C6DC07-22DE-4E9D-A900-F72751DBF10F}.Release|x64.ActiveCfg = Release|x64
		{B1C6DC07-22DE-4E9D-A900-F72751DBF10F}.Release|x64.Build.0 = Release|x64
		{B1C6DC07-22DE-4E9D-A900-F72751DBF10F}.Release|x86.ActiveCfg = Release|Win32
		{B1C6DC07-22DE-4E9D-A900-F72751DBF10F}.Release|x86.Build.0 = Release|Win32
		{49AAC200-5F08-46A1-8CAD-B621742DD059}.Debug|x64.ActiveCfg = Debug|x64
		{49AAC200-5F08-46A1-8CAD-B621742DD059}.Debug|x64.Build.0 = Debug|x64
		{49AAC200-5F08-46A1-8CAD-B621742DD059}.Debug|x86.ActiveCfg = Debug|Win32
		{49AAC200-5F08-46A1-8CAD-B621742DD059}.Debug|x86.Build.0 = Debug|Win32
		{49AAC200-5F08-46A1-8CAD-B621742DD059}.Release|x64.ActiveCfg = Release|x64
		{49AAC200-5F08-46A1-8CAD-B621742DD059}.Release|x64.Build.0 = Release|x64
		{49AAC200-5F08-46A1-8CAD-B621742DD059}.Release|x86.ActiveCfg = Release|Win32
		{49AAC200-5F08-46A1-8CAD-B621742DD059}.Release|x86.Build.0 = Release|Win32
		{BB77487C-3C05-4ECB-B7AD-977073291319}.Debug|x64.ActiveCfg = Debug|x64
		{BB77487C-3C05-4ECB-B7AD-977073291319}.Debug|x64.Build.0 = Debug|x64
		{BB77487C-3C05-4ECB-B7AD-977073291319}.Debug|x86.ActiveCfg = Debug|Win32
		{BB77487C-3C05-4ECB-B7AD-977073291319}.Debug|x86.Build.0 = Debug|Win32
		{BB77487C-3C05-4ECB-B7AD-977073291319}.Release|x64.ActiveCfg = Release|x64
		{BB77487C-3C05-4ECB-B7AD-977073291319}.Release|x64.Build.0 = Release|x64
		{BB77487C-3C05-4ECB-B7AD-977073291319}.Release|x86.ActiveCfg = Release|Win32
		{BB77487C-3C05-4ECB-B7AD-977073291319}.Release|x86.Build.0 = Release|Win32
		{1CB266EE-0E02-4B93-864F-703D9C325833}.Debug|x64.ActiveCfg = Debug|x64
		{1CB266EE-0E02-4B93-864F-703D9C325833}.Debug|x64.Build.0 = Debug|x64
		{1CB266EE-0E02-4B93-864F-703D9C325833}.Debug|x86.ActiveCfg = Debug|Win32
		{1CB266EE-0E02-4B93-864F-703D9C325833}.Debug|x86.Build.0 = Debug|Win32
		{1CB266EE-0E02-4B93-864F-703D9C325833}.Release|x64.ActiveCfg = Release|x64
		{1CB266EE-0E02-4B93-864F-703D9C325833}.Release|x64.Build.0 = Release|x64
		{1CB266EE-0E02-4B93-864F-703D9C325833}.Release|x86.ActiveCfg = Release|Win32
		{1CB266EE-0E02-4B93-864F-703D9C325833}.Release|x86.Build.0 = Release|Win32
		{8A94FF91-6C61-49CF-8C94-7C402C0B3A49}.Debug|x64.ActiveCfg = Debug|x64
		{8A94FF91-6C61-49CF-8C94-7C402C0B3A49}.Debug|x64.Build.0 = Debug|x64
		{8A94FF91-6C61-49CF-8C94-7C402C0B3A49}.Debug|x86.ActiveCfg = Debug|Win32
		{8A94FF91-6C61-49CF-8C94-7C402C0B3A49}.Debug|x86.Build.0 = Debug|Win32
		{8A94FF91-6C61-49CF-8C94-7C402C0B3A49}.Release|x64.ActiveCfg = Release|x64
		{8A94FF91-6C61-49CF-8C94-7C402C0B3A49}.Release|x64.Build.0 = Release|x64
		{8A94FF91-6C61-49CF-8C94-7C402C0B3A49}.Release|x86.ActiveCfg = Release|Win32
		{8A94FF91-6C61-49CF-8C94-7C402C0B3A49}.Release|x86.Build.0 = Release|Win32
		{4A4FE73D-F674-4470-A9B3-58E96B019B68}.Debug|x64.ActiveCfg = Debug|x64
		{4A4FE73D-F674-4470-A9B3-58E96B019B68}.Debug|x64.Build.0 = Debug|x64
		{4A4FE73D-F674-4470-A9B3-58E96B019B68}.Debug|x86.ActiveCfg = Debug|Win32
		{4A4FE73D-F674-4470-A9B3-58E96B019B68}.Debug|x86.Build.0 = Debug|Win32
		{4A4FE73D-F674-4470-A9B3-58E96B019B68}.Release|x64.ActiveCfg = Release|x64
		{4A4FE73D-F674-4470-A9B3-58E96B019B68}.Release|x64.Build.0 = Release|x64
		{4A4FE73D-F674-4470-A9B3-58E96B019B68}.Release|x86.ActiveCfg = Release|Win32
		{4A4FE73D-F674-4470-A9B3-58E96B019B68}.Release|x86.Build.0 = Release|Win32
		{06A1B7FC-C196-4479-9E27-C820EAD70ED7}.Debug|x64.ActiveCfg = Debug|x64
		{06A1B7FC-C196-4479-9E27-C820EAD70ED7}.Debug|x64.Build.0 = Debug|x64
		{06A1B7FC-C196-4479-9E27-C820EAD70ED7}.Debug|x86.ActiveCfg = Debug|Win32
		{06A1B7FC-C196-4479-9E27-C820EAD70ED7}.Debug|x86.Build.0 = Debug|Win32
		{06A1B7FC-C196-4479-9E27-C820EAD70ED7}.Release|x64.ActiveCfg = Release|x64
		{06A1B7FC-C196-4479-9E27-C820EAD70ED7}.Release|x64.Build.0 = Release|x64
		{06A1B7FC-C196-4479-9E27-C820EAD70ED7}.Release|x86.ActiveCfg = Release|Win32
		{06A1B7FC-C196-4479-9E27-C820EAD70ED7}.Release|x86.Build.0 = Release|Win32
		{D3BC0CB4-E13C-4806-8997-50AD3C344234}.Debug|x64.ActiveCfg = Debug|x64
		{D3BC0CB4-E13C-4806-8997-50AD3C344234}.Debug|x64.Build.0 = Debug|x64
		{D3BC0CB4-E13C-4806-8997-50AD3C344234}.Debug|x86.ActiveCfg = Debug|Win32
		{D3BC0CB4-E13C-4806-8997-50AD3C344234}.Debug|x86.Build.0 = Debug|Win32
		{D3BC0CB4-E13C-4806-8997-50AD3C344234}.Release|x64.ActiveCfg = Release|x64
		{D3BC0CB4-E13C-4806-8997-50AD3C344234}.Release|x64.Build.0 = Release|x64
		{D3BC0CB4-E13C-4806-8997-50AD3C344234}.Release|x86.ActiveCfg = Release|Win32
		{D3BC0CB4-E13C-4806-8997-50AD3C344234}.Release|x86.Build.0 = Release|Win32
		{B0372F65-931D-4C8F-9118-DF5FC900413E}.Debug|x64.ActiveCfg = Debug|x64
		{B0372F65-931D-4C8F-9118-DF5FC900413E}.Debug|x64.Build.0 = Debug|x64
		{B0372F65-931D-4C8F-9118-DF5FC900413E}.Debug|x86.ActiveCfg = Debug|Win32
		{B0372F65-931D-4C8F-9118-DF5FC900413E}.Debug|x86.Build.0 = Debug|Win32
		{B0372F65-931D-4C8F-9118-DF5FC900413E}.Release|x64.ActiveCfg = Release|x64
		{B0372F65-931D-4C8F-9118-DF5FC900413E}.Release|x64.Build.0 = Release|x64
		{B0372F65-931D-4C8F-9118-DF5FC900413E}.Release|x86.ActiveCfg = Release|Win32
		{B0372F65-931D-4C8F-9118-DF5FC900413E}.Release|x86.Build.0 = Release|Win32
		{F88B5AA5-8679-421B-BBA9-F58AAE4FBA79}.Debug|x64.ActiveCfg = Debug|x64
		{F88B5AA5-8679-421B-BBA9-F58AAE4FBA79}.Debug|x64.Build.0 = Debug|x64
		{F88B5AA5-8679-421B-BBA9-F58AAE4FBA79}.Debug|x86.ActiveCfg = Debug|Win32
		{F88B5AA5-8679-421B-BBA9-F58AAE4FBA79}.Debug|x86.Build.0 = Debug|Win32
		{F88B5AA5-8679-421B-BBA9-F58AAE4FBA79}.Release|x64.ActiveCfg = Release|x64
		{F88B5AA5-8679-421B-BBA9-F58AAE4FBA79}.Release|x64.Build.0 = Release|x64
		{F88B5AA5-8679-421B-BBA9-F58AAE4FBA79}.Release|x86.ActiveCfg = Release|Win32
		{F88B5AA5-8679-421B-BBA9-F58AAE4FBA79}.Release|x86.Build.0 = Release|Win32
		{788A91EA-A92A-4675-BC07-6F7B7BB33C64}.Debug|x64.ActiveCfg = Debug|x64
		{788A91EA-A92A-4675-BC07-6F7B7BB33C64}.Debug|x64.Build.0 = Debug|x64
		{788A91EA-A92A-4675-BC07-6F7B7BB33C64}.Debug|x86.ActiveCfg = Debug|Win32
		{788A91EA-A92A-4675-BC07-6F7B7BB33C64}.Debug|x86.Build.0 = Debug|Win32
		{788A91EA-A92A-4675-BC07-6F7B7BB33C64}.Release|x64.ActiveCfg = Release|x64
		{788A91EA-A92A-4675-BC07-6F7B7BB33C64}.Release|x64.Build.0 = Release|x64
		{788A91EA-A92A-4675-BC07-6F7B7BB33C64}.Release|x86.ActiveCfg = Release|Win32
		{788A91EA-A92A-4675-BC07-6F7B7BB33C64}.Release|x86.Build.0 = Release|Win32
		{F2A71C56-C351-47B1-9CC4-25F6D8AD2586}.Debug|x64.ActiveCfg = Debug|x64
		{F2A71C56-C351-47B1-9CC4-25F6D8AD2586}.Debug|x64.Build.0 = Debug|x64
		{F2A71C56-C351-47B1-9CC4-25F6D8AD2586}.Debug|x86.ActiveCfg = Debug|Win32
		{F2A71C56-C351-47B1-9CC4-25F6D8AD2586}.Debug|x86.Build.0 = Debug|Win32
		{F2A71C56-C351-47B1-9CC4-25F6D8AD2586}.Release|x64.ActiveCfg = Release|x64
		{F2A71C56-C351-47B1-9CC4-25F6D8AD2586}.Release|x64.Build.0 = Release|x64
		{F2A71C56-C351-47B1-9CC4-25F6D8AD2586}.Release|x86.ActiveCfg = Release|Win32
		{F2A71C56-C351-47B1-9CC4-25F6D8AD2586}.Release|x86.Build.0 = Release|Win32
		{7D4D2F33-E1AE-4A57-ABD0-A28CB76576C5}.Debug|x64.ActiveCfg = Debug|x64
		{7D4D2F33-E1AE-4A57-ABD0-A28CB76576C5}.Debug|x64.Build.0 = Debug|x64
		{7D4D2F33-E1AE-4A57-ABD0-A28CB76576C5}.Debug|x86.ActiveCfg = Debug|Win32
		{7D4D2F33-E1AE-4A57-ABD0-A28CB76576C5}.Debug|x86.Build.0 = Debug|Win32
		{7D4D2F33-E1AE-4A57-ABD0-A28CB76576C5}.Release|x64.ActiveCfg = Release|x64
		{7D4D2F33-E1AE-4A57-ABD0-A28CB76576C5}.Release|x64.Build.0 = Release|x64
		{7D4D2F33-E1AE-4A57-ABD0-A28CB76576C5}.Release|x86.ActiveCfg = Release|Win32
		{7D4D2F33-E1AE-4A57-ABD0-A28CB76576C5}.Release|x86.Build.0 = Release|Win32
		{98DD39BD-7EC2-4B56-97E0-6A1A1C0E703F}.Debug|x64.ActiveCfg = Debug|x64
		{98DD39BD-7EC2-4B56-97E0-6A1A1C0E703F}.Debug|x64.Build.0 = Debug|x64
		{98DD39BD-7EC2-4B56-97E0-6A1A1C0E703F}.Debug|x86.ActiveCfg = Debug|Win32
		{98DD39BD-7EC2-4B56-97E0-6A1A1C0E703F}.Debug|x86.Build.0 = Debug|Win32
		{98DD39BD-7EC2-4B56-97E0-6A1A1C0E703F}.Release|x64.ActiveCfg = Release|x64
		{98DD39BD-7EC2-4B56-97E0-6A1A1C0E703F}.Release|x64.Build.0 = Release|x64
		{98DD39BD-7EC2-4B56-97E0-6A1A1C0E703F}.Release|x86.ActiveCfg = Release|Win32
		{98DD39BD-7EC2-4B56-97E0-6A1A1C0E703F}.Release|x86.Build.0 = Release|Win32
		{EE032C9B-4367-4765-AEF8-6E28178D398B}.Debug|x64.ActiveCfg = Debug|x64
		{EE032C9B-4367-4765-AEF8-6E28178D398B}.Debug|x64.Build.0 = Debug|x64
		{EE032C9B-4367-4765-AEF8-6E28178D398B}.Debug|x86.ActiveCfg = Debug|Win32
		{EE032C9B-4367-4765-AEF8-6E28178D398B}.Debug|x86.Build.0 = Debug|Win32
		{EE032C9B-4367-4765-AEF8-6E28178D398B}.Release|x64.ActiveCfg = Release|x64
		{EE032C9B-4367-4765-AEF8-6E28178D398B}.Release|x64.Build.0 = Release|x64
		{EE032C9B-4367-4765-AEF8-6E28178D398B}.Release|x86.ActiveCfg = Release|Win32
		{EE032C9B-4367-4765-AEF8-6E28178D398B}.Release|x86.Build.0 = Release|Win32
		{2F98C34C-6500-46BE-8E84-0E33E0F46D14}.Debug|x64.ActiveCfg = Debug|x64
		{2F98C34C-6500-46BE-8E84-0E33E0F46D14}.Debug|x64.Build.0 = Debug|x64
		{2F98C34C-6500-46BE-8E84-0E33E0F46D14}.Debug|x86.ActiveCfg = Debug|Win32
		{2F98C34C-6500-46BE-8E84-0E33E0F46D14}.Debug|x86.Build.0 = Debug|Win32
		{2F98C34C-6500-46BE-8E84-0E33E0F46D14}.Release|x64.ActiveCfg = Release|x64
		{2F98C34C-6500-46BE-8E84-0E33E0F46D14}.Release|x64.Build.0 = Release|x64
		{2F98C34C-6500-46BE-8E84-0E33E0F46D14}.Release|x86.ActiveCfg = Release|Win32
		{2F98C34C-6500-46BE-8E84-0E33E0F46D14}.Release|x86.Build.0 = Release|Win32
		{1788529C-C0CF-492E-B541-88E5632F685B}.Debug|x64.ActiveCfg = Debug|x64
		{1788529C-C0CF-492E-B541-88E5632F685B}.Debug|x64.Build.0 = Debug|x64
		{1788529C-C0CF-492E-B541-88E5632F685B}.Debug|x86.ActiveCfg = Debug|Win32
		{1788529C-C0CF-492E-B541-88E5632F685B}.Debug|x86.Build.0 = Debug|Win32
		{1788529C-C0CF-492E-B541-88E5632F685B}.Release|x64.ActiveCfg = Release|x64
		{1788529C-C0CF-492E-B541-88E5632F685B}.Release|x64.Build.0 = Release|x64
		{1788529C-C0CF-492E-B541-88E5632F685B}.Release|x86.ActiveCfg = Release|Win32
		{1788529C-C0CF-492E-B541-88E5632F685B}.Release|x86.Build.0 = Release|Win32
	EndGlobalSection
	GlobalSection(SolutionProperties) = preSolution
		HideSolutionNode = FALSE
	EndGlobalSection
	GlobalSection(ExtensibilityGlobals) = postSolution
		SolutionGuid = {17DD076E-AC58-4722-A24D-FB5971CEDB39}
	EndGlobalSection
EndGlobal
