
Microsoft Visual Studio Solution File, Format Version 12.00
# Visual Studio Version 17
VisualStudioVersion = 17.0.32014.148
MinimumVisualStudioVersion = 10.0.40219.1
Project("{8BC9CEB8-8B4A-11D0-8D11-00A0C91BC942}") = "SocketServer", "SocketServer.vcxproj", "{D7818537-C0FF-45D9-9ABF-52E5A3D07F5F}"
EndProject
Global
	GlobalSection(SolutionConfigurationPlatforms) = preSolution
		Debug|x64 = Debug|x64
		Debug|x86 = Debug|x86
		Release|x64 = Release|x64
		Release|x86 = Release|x86
	EndGlobalSection
	GlobalSection(ProjectConfigurationPlatforms) = postSolution
		{D7818537-C0FF-45D9-9ABF-52E5A3D07F5F}.Debug|x64.ActiveCfg = Debug|x64
		{D7818537-C0FF-45D9-9ABF-52E5A3D07F5F}.Debug|x64.Build.0 = Debug|x64
		{D7818537-C0FF-45D9-9ABF-52E5A3D07F5F}.Debug|x86.ActiveCfg = Debug|Win32
		{D7818537-C0FF-45D9-9ABF-52E5A3D07F5F}.Debug|x86.Build.0 = Debug|Win32
		{D7818537-C0FF-45D9-9ABF-52E5A3D07F5F}.Release|x64.ActiveCfg = Release|x64
		{D7818537-C0FF-45D9-9ABF-52E5A3D07F5F}.Release|x64.Build.0 = Release|x64
		{D7818537-C0FF-45D9-9ABF-52E5A3D07F5F}.Release|x86.ActiveCfg = Release|Win32
		{D7818537-C0FF-45D9-9ABF-52E5A3D07F5F}.Release|x86.Build.0 = Release|Win32
	EndGlobalSection
	GlobalSection(SolutionProperties) = preSolution
		HideSolutionNode = FALSE
	EndGlobalSection
	GlobalSection(ExtensibilityGlobals) = postSolution
		SolutionGuid = {43F6DBBC-E208-403A-9D53-2AF4525ADF5E}
	EndGlobalSection
EndGlobal
